{
 "SurveyEntry": {
  "SurveyID": "SV_filedrawer00000",
  "SurveyName": "Discernment vs response bias in AI labels (extension of: Improving AI Discernment: do misinformation",
  "SurveyDescription": null,
  "SurveyOwnerID": "UR_filedrawer00000",
  "SurveyBrandID": "",
  "DivisionID": null,
  "SurveyLanguage": "EN",
  "SurveyActiveResponseSet": "RS_filedrawer00000",
  "SurveyStatus": "Inactive",
  "SurveyStartDate": "0000-00-00 00:00:00",
  "SurveyExpirationDate": "0000-00-00 00:00:00",
  "SurveyCreationDate": "2026-10-04 14:18:03",
  "CreatorID": "UR_filedrawer00000",
  "LastModified": "2026-10-04 14:18:03",
  "LastAccessed": "0000-00-00 00:00:00",
  "LastActivated": "0000-00-00 00:00:00",
  "Deleted": null
 },
 "SurveyElements": [
  {
   "SurveyID": "SV_filedrawer00000",
   "Element": "BL",
   "PrimaryAttribute": "Survey Blocks",
   "SecondaryAttribute": null,
   "TertiaryAttribute": null,
   "Payload": [
    {
     "Type": "Default",
     "Description": "Consent",
     "ID": "BL_b_consent",
     "BlockElements": [
      {
       "Type": "Question",
       "QuestionID": "QID1"
      }
     ]
    },
    {
     "Type": "Standard",
     "Description": "Control intro",
     "ID": "BL_b_control",
     "BlockElements": [
      {
       "Type": "Question",
       "QuestionID": "QID2"
      }
     ]
    },
    {
     "Type": "Standard",
     "Description": "Flag intro",
     "ID": "BL_b_flag",
     "BlockElements": [
      {
       "Type": "Question",
       "QuestionID": "QID3"
      }
     ]
    },
    {
     "Type": "Standard",
     "Description": "Flag error intro",
     "ID": "BL_b_flag_err",
     "BlockElements": [
      {
       "Type": "Question",
       "QuestionID": "QID4"
      }
     ]
    },
    {
     "Type": "Standard",
     "Description": "Post judgments",
     "ID": "BL_b_posts",
     "BlockElements": [
      {
       "Type": "Question",
       "QuestionID": "QID5"
      },
      {
       "Type": "Page Break"
      },
      {
       "Type": "Question",
       "QuestionID": "QID6"
      },
      {
       "Type": "Page Break"
      },
      {
       "Type": "Question",
       "QuestionID": "QID7"
      },
      {
       "Type": "Page Break"
      },
      {
       "Type": "Question",
       "QuestionID": "QID8"
      }
     ]
    },
    {
     "Type": "Standard",
     "Description": "Post-task",
     "ID": "BL_b_after",
     "BlockElements": [
      {
       "Type": "Question",
       "QuestionID": "QID9"
      }
     ]
    },
    {
     "Type": "Standard",
     "Description": "Debrief",
     "ID": "BL_b_debrief",
     "BlockElements": [
      {
       "Type": "Question",
       "QuestionID": "QID10"
      }
     ]
    },
    {
     "Type": "Trash",
     "Description": "Trash / Unused Questions",
     "ID": "BL_trash"
    }
   ]
  },
  {
   "SurveyID": "SV_filedrawer00000",
   "Element": "FL",
   "PrimaryAttribute": "Survey Flow",
   "SecondaryAttribute": null,
   "TertiaryAttribute": null,
   "Payload": {
    "Type": "Root",
    "FlowID": "FL_1",
    "Flow": [
     {
      "Type": "Block",
      "ID": "BL_b_consent",
      "FlowID": "FL_2",
      "Autofill": []
     },
     {
      "Type": "Branch",
      "FlowID": "FL_3",
      "Description": "Non-consent",
      "BranchLogic": {
       "0": {
        "0": {
         "LogicType": "Question",
         "QuestionID": "QID1",
         "QuestionIsInLoop": "no",
         "ChoiceLocator": "q://QID1/SelectableChoice/2",
         "Operator": "Selected",
         "QuestionIDFromLocator": "QID1",
         "LeftOperand": "q://QID1/SelectableChoice/2",
         "Type": "Expression",
         "Description": "If QID1 choice 2 is selected"
        },
        "Type": "If"
       },
       "Type": "BooleanExpression"
      },
      "Flow": [
       {
        "Type": "EndSurvey",
        "FlowID": "FL_4"
       }
      ]
     },
     {
      "Type": "BlockRandomizer",
      "FlowID": "FL_5",
      "SubSet": 1,
      "EvenPresentation": true,
      "Flow": [
       {
        "Type": "Group",
        "FlowID": "FL_6",
        "Description": "Control",
        "Flow": [
         {
          "Type": "EmbeddedData",
          "FlowID": "FL_7",
          "EmbeddedData": [
           {
            "Description": "condition",
            "Type": "Custom",
            "Field": "condition",
            "VariableType": "String",
            "DataVisibility": [],
            "AnalyzeText": false,
            "Value": "control"
           }
          ]
         },
         {
          "Type": "Standard",
          "ID": "BL_b_control",
          "FlowID": "FL_8",
          "Autofill": []
         }
        ]
       },
       {
        "Type": "Group",
        "FlowID": "FL_9",
        "Description": "Flag",
        "Flow": [
         {
          "Type": "EmbeddedData",
          "FlowID": "FL_10",
          "EmbeddedData": [
           {
            "Description": "condition",
            "Type": "Custom",
            "Field": "condition",
            "VariableType": "String",
            "DataVisibility": [],
            "AnalyzeText": false,
            "Value": "flag"
           }
          ]
         },
         {
          "Type": "Standard",
          "ID": "BL_b_flag",
          "FlowID": "FL_11",
          "Autofill": []
         }
        ]
       },
       {
        "Type": "Group",
        "FlowID": "FL_12",
        "Description": "Flag error",
        "Flow": [
         {
          "Type": "EmbeddedData",
          "FlowID": "FL_13",
          "EmbeddedData": [
           {
            "Description": "condition",
            "Type": "Custom",
            "Field": "condition",
            "VariableType": "String",
            "DataVisibility": [],
            "AnalyzeText": false,
            "Value": "flag_err"
           }
          ]
         },
         {
          "Type": "Standard",
          "ID": "BL_b_flag_err",
          "FlowID": "FL_14",
          "Autofill": []
         }
        ]
       }
      ]
     },
     {
      "Type": "EmbeddedData",
      "FlowID": "FL_15",
      "EmbeddedData": [
       {
        "Description": "post1",
        "Type": "Custom",
        "Field": "post1",
        "VariableType": "String",
        "DataVisibility": [],
        "AnalyzeText": false,
        "Value": "[IMAGE TO SUPPLY: a social media post image, AI-generated or real, shown with its label in flagging arms; 24 posts shown in random order, this block repeats per post]"
       }
      ]
     },
     {
      "Type": "Standard",
      "ID": "BL_b_posts",
      "FlowID": "FL_16",
      "Autofill": []
     },
     {
      "Type": "Standard",
      "ID": "BL_b_after",
      "FlowID": "FL_17",
      "Autofill": []
     },
     {
      "Type": "Standard",
      "ID": "BL_b_debrief",
      "FlowID": "FL_18",
      "Autofill": []
     }
    ],
    "Properties": {
     "Count": 18,
     "RemovedFieldsets": []
    }
   }
  },
  {
   "SurveyID": "SV_filedrawer00000",
   "Element": "PL",
   "PrimaryAttribute": "Preview Link",
   "SecondaryAttribute": null,
   "TertiaryAttribute": null,
   "Payload": {
    "PreviewType": "Brand",
    "PreviewID": "9cab41e0-ed2a-46a1-bf2e-37d3b650681e"
   }
  },
  {
   "SurveyID": "SV_filedrawer00000",
   "Element": "PROJ",
   "PrimaryAttribute": "CORE",
   "SecondaryAttribute": null,
   "TertiaryAttribute": "1.1.0",
   "Payload": {
    "ProjectCategory": "CORE",
    "SchemaVersion": "1.1.0"
   }
  },
  {
   "SurveyID": "SV_filedrawer00000",
   "Element": "QC",
   "PrimaryAttribute": "Survey Question Count",
   "SecondaryAttribute": "10",
   "TertiaryAttribute": null,
   "Payload": null
  },
  {
   "SurveyID": "SV_filedrawer00000",
   "Element": "RS",
   "PrimaryAttribute": "RS_filedrawer00000",
   "SecondaryAttribute": "Default Response Set",
   "TertiaryAttribute": null,
   "Payload": null
  },
  {
   "SurveyID": "SV_filedrawer00000",
   "Element": "SCO",
   "PrimaryAttribute": "Scoring",
   "SecondaryAttribute": null,
   "TertiaryAttribute": null,
   "Payload": {
    "ScoringCategories": [],
    "ScoringCategoryGroups": [],
    "ScoringSummaryCategory": null,
    "ScoringSummaryAfterQuestions": 0,
    "ScoringSummaryAfterSurvey": 0,
    "DefaultScoringCategory": null,
    "AutoScoringCategory": null
   }
  },
  {
   "SurveyID": "SV_filedrawer00000",
   "Element": "SO",
   "PrimaryAttribute": "Survey Options",
   "SecondaryAttribute": null,
   "TertiaryAttribute": null,
   "Payload": {
    "BackButton": "false",
    "SaveAndContinue": "true",
    "SurveyProtection": "PublicSurvey",
    "BallotBoxStuffingPrevention": "false",
    "NoIndex": "Yes",
    "SecureResponseFiles": "true",
    "SurveyExpiration": "None",
    "SurveyTermination": "DefaultMessage",
    "Header": "",
    "Footer": "",
    "ProgressBarDisplay": "None",
    "PartialData": "+1 week",
    "ValidationMessage": null,
    "PreviousButton": "",
    "NextButton": "",
    "SurveyTitle": "Discernment vs response bias in AI labels (extension of: Improving AI Discernment: do misinformation",
    "SkinLibrary": "Qualtrics",
    "SkinType": "templated",
    "Skin": {
     "brandingId": null,
     "templateId": "*base",
     "overrides": null
    },
    "NewScoring": 1,
    "SurveyMetaDescription": "Respondents are randomised to control, Automated Flagging, or Automated Flagging with a stated 80..."
   }
  },
  {
   "SurveyID": "SV_filedrawer00000",
   "Element": "STAT",
   "PrimaryAttribute": "Survey Statistics",
   "SecondaryAttribute": null,
   "TertiaryAttribute": null,
   "Payload": {
    "MobileCompatible": true,
    "ID": "Survey Statistics"
   }
  },
  {
   "SurveyID": "SV_filedrawer00000",
   "Element": "SQ",
   "PrimaryAttribute": "QID1",
   "SecondaryAttribute": "This is a research study about judging online content. It takes about 10 minutes",
   "TertiaryAttribute": null,
   "Payload": {
    "QuestionText": "This is a research study about judging online content. It takes about 10 minutes and participation is voluntary. Do you consent to participate?",
    "DataExportTag": "consent",
    "DataVisibility": {
     "Private": false,
     "Hidden": false
    },
    "Configuration": {
     "QuestionDescriptionOption": "UseText"
    },
    "QuestionDescription": "This is a research study about judging online content. It takes about 10 minutes and participatio...",
    "Validation": {
     "Settings": {
      "ForceResponse": "ON",
      "ForceResponseType": "ON",
      "Type": "None"
     }
    },
    "Language": [],
    "QuestionID": "QID1",
    "QuestionType": "MC",
    "Selector": "SAVR",
    "SubSelector": "TX",
    "Choices": {
     "1": {
      "Display": "I consent"
     },
     "2": {
      "Display": "I do not consent"
     }
    },
    "ChoiceOrder": [
     "1",
     "2"
    ],
    "NextChoiceId": 3,
    "NextAnswerId": 1,
    "RecodeValues": {
     "1": "1",
     "2": "0"
    }
   }
  },
  {
   "SurveyID": "SV_filedrawer00000",
   "Element": "SQ",
   "PrimaryAttribute": "QID2",
   "SecondaryAttribute": "You will see 24 posts. For each, decide whether it is AI-generated and rate your",
   "TertiaryAttribute": null,
   "Payload": {
    "QuestionText": "You will see 24 posts. For each, decide whether it is AI-generated and rate your confidence.",
    "DataVisibility": {
     "Private": false,
     "Hidden": false
    },
    "Configuration": {
     "QuestionDescriptionOption": "UseText"
    },
    "QuestionDescription": "You will see 24 posts. For each, decide whether it is AI-generated and rate your confidence.",
    "Validation": {
     "Settings": {
      "Type": "None"
     }
    },
    "Language": [],
    "QuestionID": "QID2",
    "QuestionType": "DB",
    "Selector": "TB",
    "DefaultChoices": false,
    "ChoiceOrder": [],
    "GradingData": [],
    "NextChoiceId": 1,
    "NextAnswerId": 1,
    "DataExportTag": "q_intro_c"
   }
  },
  {
   "SurveyID": "SV_filedrawer00000",
   "Element": "SQ",
   "PrimaryAttribute": "QID3",
   "SecondaryAttribute": "You will see 24 posts. Each carries an automated AI-detection label produced by ",
   "TertiaryAttribute": null,
   "Payload": {
    "QuestionText": "You will see 24 posts. Each carries an automated AI-detection label produced by a machine-learning tool. For each post, decide whether it is AI-generated and rate your confidence.",
    "DataVisibility": {
     "Private": false,
     "Hidden": false
    },
    "Configuration": {
     "QuestionDescriptionOption": "UseText"
    },
    "QuestionDescription": "You will see 24 posts. Each carries an automated AI-detection label produced by a machine-learnin...",
    "Validation": {
     "Settings": {
      "Type": "None"
     }
    },
    "Language": [],
    "QuestionID": "QID3",
    "QuestionType": "DB",
    "Selector": "TB",
    "DefaultChoices": false,
    "ChoiceOrder": [],
    "GradingData": [],
    "NextChoiceId": 1,
    "NextAnswerId": 1,
    "DataExportTag": "q_intro_f"
   }
  },
  {
   "SurveyID": "SV_filedrawer00000",
   "Element": "SQ",
   "PrimaryAttribute": "QID4",
   "SecondaryAttribute": "You will see 24 posts. Each carries an automated AI-detection label produced by ",
   "TertiaryAttribute": null,
   "Payload": {
    "QuestionText": "You will see 24 posts. Each carries an automated AI-detection label produced by a machine-learning tool. The labels are correct about 80% of the time, so about 1 in 5 labels is wrong. For each post, decide whether it is AI-generated and rate your confidence.",
    "DataVisibility": {
     "Private": false,
     "Hidden": false
    },
    "Configuration": {
     "QuestionDescriptionOption": "UseText"
    },
    "QuestionDescription": "You will see 24 posts. Each carries an automated AI-detection label produced by a machine-learnin...",
    "Validation": {
     "Settings": {
      "Type": "None"
     }
    },
    "Language": [],
    "QuestionID": "QID4",
    "QuestionType": "DB",
    "Selector": "TB",
    "DefaultChoices": false,
    "ChoiceOrder": [],
    "GradingData": [],
    "NextChoiceId": 1,
    "NextAnswerId": 1,
    "DataExportTag": "q_intro_fe"
   }
  },
  {
   "SurveyID": "SV_filedrawer00000",
   "Element": "SQ",
   "PrimaryAttribute": "QID5",
   "SecondaryAttribute": "{{ed:post1}}",
   "TertiaryAttribute": null,
   "Payload": {
    "QuestionText": "${e://Field/post1}",
    "DataVisibility": {
     "Private": false,
     "Hidden": false
    },
    "Configuration": {
     "QuestionDescriptionOption": "UseText"
    },
    "QuestionDescription": "${e://Field/post1}",
    "Validation": {
     "Settings": {
      "Type": "None"
     }
    },
    "Language": [],
    "QuestionID": "QID5",
    "QuestionType": "DB",
    "Selector": "TB",
    "DefaultChoices": false,
    "ChoiceOrder": [],
    "GradingData": [],
    "NextChoiceId": 1,
    "NextAnswerId": 1,
    "DataExportTag": "q_post"
   }
  },
  {
   "SurveyID": "SV_filedrawer00000",
   "Element": "SQ",
   "PrimaryAttribute": "QID6",
   "SecondaryAttribute": "Is this post AI-generated?",
   "TertiaryAttribute": null,
   "Payload": {
    "QuestionText": "Is this post AI-generated?",
    "DataExportTag": "judge_ai",
    "DataVisibility": {
     "Private": false,
     "Hidden": false
    },
    "Configuration": {
     "QuestionDescriptionOption": "UseText"
    },
    "QuestionDescription": "Is this post AI-generated?",
    "Validation": {
     "Settings": {
      "ForceResponse": "ON",
      "ForceResponseType": "ON",
      "Type": "None"
     }
    },
    "Language": [],
    "QuestionID": "QID6",
    "QuestionType": "MC",
    "Selector": "SAVR",
    "SubSelector": "TX",
    "Choices": {
     "1": {
      "Display": "AI-generated"
     },
     "2": {
      "Display": "Not AI-generated"
     }
    },
    "ChoiceOrder": [
     "1",
     "2"
    ],
    "NextChoiceId": 3,
    "NextAnswerId": 1,
    "RecodeValues": {
     "1": "1",
     "2": "0"
    }
   }
  },
  {
   "SurveyID": "SV_filedrawer00000",
   "Element": "SQ",
   "PrimaryAttribute": "QID7",
   "SecondaryAttribute": "How confident are you in that answer?",
   "TertiaryAttribute": null,
   "Payload": {
    "QuestionText": "How confident are you in that answer?",
    "DataExportTag": "judge_conf",
    "DataVisibility": {
     "Private": false,
     "Hidden": false
    },
    "Configuration": {
     "QuestionDescriptionOption": "UseText"
    },
    "QuestionDescription": "How confident are you in that answer?",
    "Validation": {
     "Settings": {
      "ForceResponse": "ON",
      "ForceResponseType": "ON",
      "Type": "None"
     }
    },
    "Language": [],
    "QuestionID": "QID7",
    "QuestionType": "MC",
    "Selector": "SAVR",
    "SubSelector": "TX",
    "Choices": {
     "1": {
      "Display": "Not at all confident"
     },
     "2": {
      "Display": "Slightly confident"
     },
     "3": {
      "Display": "Moderately confident"
     },
     "4": {
      "Display": "Very confident"
     },
     "5": {
      "Display": "Completely confident"
     }
    },
    "ChoiceOrder": [
     "1",
     "2",
     "3",
     "4",
     "5"
    ],
    "NextChoiceId": 6,
    "NextAnswerId": 1,
    "RecodeValues": {
     "1": "1",
     "2": "2",
     "3": "3",
     "4": "4",
     "5": "5"
    }
   }
  },
  {
   "SurveyID": "SV_filedrawer00000",
   "Element": "SQ",
   "PrimaryAttribute": "QID8",
   "SecondaryAttribute": "How likely would you be to share this post?",
   "TertiaryAttribute": null,
   "Payload": {
    "QuestionText": "How likely would you be to share this post?",
    "DataExportTag": "share_intent",
    "DataVisibility": {
     "Private": false,
     "Hidden": false
    },
    "Configuration": {
     "QuestionDescriptionOption": "UseText"
    },
    "QuestionDescription": "How likely would you be to share this post?",
    "Validation": {
     "Settings": {
      "ForceResponse": "ON",
      "ForceResponseType": "ON",
      "Type": "None"
     }
    },
    "Language": [],
    "QuestionID": "QID8",
    "QuestionType": "MC",
    "Selector": "SAVR",
    "SubSelector": "TX",
    "Choices": {
     "1": {
      "Display": "Very unlikely"
     },
     "2": {
      "Display": "Unlikely"
     },
     "3": {
      "Display": "Neutral"
     },
     "4": {
      "Display": "Likely"
     },
     "5": {
      "Display": "Very likely"
     }
    },
    "ChoiceOrder": [
     "1",
     "2",
     "3",
     "4",
     "5"
    ],
    "NextChoiceId": 6,
    "NextAnswerId": 1,
    "RecodeValues": {
     "1": "1",
     "2": "2",
     "3": "3",
     "4": "4",
     "5": "5"
    }
   }
  },
  {
   "SurveyID": "SV_filedrawer00000",
   "Element": "SQ",
   "PrimaryAttribute": "QID9",
   "SecondaryAttribute": "Please answer the following question about artificial intelligence.",
   "TertiaryAttribute": null,
   "Payload": {
    "QuestionText": "Please answer the following question about artificial intelligence.",
    "DataExportTag": "ai_detect_confidence",
    "DataVisibility": {
     "Private": false,
     "Hidden": false
    },
    "Configuration": {
     "QuestionDescriptionOption": "UseText",
     "TextPosition": "inline",
     "ChoiceColumnWidth": 25,
     "RepeatHeaders": "none",
     "WhiteSpace": "OFF",
     "MobileFirst": true
    },
    "QuestionDescription": "Please answer the following question about artificial intelligence.",
    "Validation": {
     "Settings": {
      "ForceResponse": "ON",
      "ForceResponseType": "ON",
      "Type": "None"
     }
    },
    "Language": [],
    "QuestionID": "QID9",
    "QuestionType": "Matrix",
    "Selector": "Likert",
    "SubSelector": "SingleAnswer",
    "DefaultChoices": false,
    "GradingData": [],
    "ChoiceDataExportTags": false,
    "Choices": {
     "1": {
      "Display": "I feel confident in my ability to detect artificial intelligence."
     }
    },
    "ChoiceOrder": [
     "1"
    ],
    "Answers": {
     "1": {
      "Display": "Strongly disagree"
     },
     "2": {
      "Display": "Disagree"
     },
     "3": {
      "Display": "Somewhat disagree"
     },
     "4": {
      "Display": "Neither agree nor disagree"
     },
     "5": {
      "Display": "Somewhat agree"
     },
     "6": {
      "Display": "Agree"
     },
     "7": {
      "Display": "Strongly agree"
     }
    },
    "AnswerOrder": [
     "1",
     "2",
     "3",
     "4",
     "5",
     "6",
     "7"
    ],
    "NextChoiceId": 2,
    "NextAnswerId": 8
   }
  },
  {
   "SurveyID": "SV_filedrawer00000",
   "Element": "SQ",
   "PrimaryAttribute": "QID10",
   "SecondaryAttribute": "Thank you. Some posts were AI-generated and others were real. Any stated label a",
   "TertiaryAttribute": null,
   "Payload": {
    "QuestionText": "Thank you. Some posts were AI-generated and others were real. Any stated label accuracy was part of the experiment, and labels were not real detector output. Contact the research team with questions.",
    "DataVisibility": {
     "Private": false,
     "Hidden": false
    },
    "Configuration": {
     "QuestionDescriptionOption": "UseText"
    },
    "QuestionDescription": "Thank you. Some posts were AI-generated and others were real. Any stated label accuracy was part...",
    "Validation": {
     "Settings": {
      "Type": "None"
     }
    },
    "Language": [],
    "QuestionID": "QID10",
    "QuestionType": "DB",
    "Selector": "TB",
    "DefaultChoices": false,
    "ChoiceOrder": [],
    "GradingData": [],
    "NextChoiceId": 1,
    "NextAnswerId": 1,
    "DataExportTag": "q_debrief"
   }
  }
 ]
}