{
 "SurveyEntry": {
  "SurveyID": "SV_filedrawer00000",
  "SurveyName": "Automated detection labels: sensitivity vs bias (extension of: Improving AI Discernment: do misinfor",
  "SurveyDescription": null,
  "SurveyOwnerID": "UR_filedrawer00000",
  "SurveyBrandID": "",
  "DivisionID": null,
  "SurveyLanguage": "EN",
  "SurveyActiveResponseSet": "RS_filedrawer00000",
  "SurveyStatus": "Inactive",
  "SurveyStartDate": "0000-00-00 00:00:00",
  "SurveyExpirationDate": "0000-00-00 00:00:00",
  "SurveyCreationDate": "2026-10-08 16:04:01",
  "CreatorID": "UR_filedrawer00000",
  "LastModified": "2026-10-08 16:04:01",
  "LastAccessed": "0000-00-00 00:00:00",
  "LastActivated": "0000-00-00 00:00:00",
  "Deleted": null
 },
 "SurveyElements": [
  {
   "SurveyID": "SV_filedrawer00000",
   "Element": "BL",
   "PrimaryAttribute": "Survey Blocks",
   "SecondaryAttribute": null,
   "TertiaryAttribute": null,
   "Payload": [
    {
     "Type": "Default",
     "Description": "Consent",
     "ID": "BL_b_consent",
     "BlockElements": [
      {
       "Type": "Question",
       "QuestionID": "QID1"
      }
     ]
    },
    {
     "Type": "Standard",
     "Description": "Control instructions",
     "ID": "BL_b_control",
     "BlockElements": [
      {
       "Type": "Question",
       "QuestionID": "QID2"
      }
     ]
    },
    {
     "Type": "Standard",
     "Description": "Accurate label instructions",
     "ID": "BL_b_accurate",
     "BlockElements": [
      {
       "Type": "Question",
       "QuestionID": "QID3"
      }
     ]
    },
    {
     "Type": "Standard",
     "Description": "Inaccurate label instructions",
     "ID": "BL_b_wrong",
     "BlockElements": [
      {
       "Type": "Question",
       "QuestionID": "QID4"
      }
     ]
    },
    {
     "Type": "Standard",
     "Description": "Judgments",
     "ID": "BL_b_feed",
     "BlockElements": [
      {
       "Type": "Question",
       "QuestionID": "QID5"
      },
      {
       "Type": "Page Break"
      },
      {
       "Type": "Question",
       "QuestionID": "QID6"
      }
     ]
    },
    {
     "Type": "Standard",
     "Description": "Outcomes",
     "ID": "BL_b_out",
     "BlockElements": [
      {
       "Type": "Question",
       "QuestionID": "QID7"
      }
     ]
    },
    {
     "Type": "Standard",
     "Description": "Debrief",
     "ID": "BL_b_debrief",
     "BlockElements": [
      {
       "Type": "Question",
       "QuestionID": "QID8"
      }
     ]
    },
    {
     "Type": "Standard",
     "Description": "Wave 2 (delayed, unlabeled)",
     "ID": "BL_b_w2",
     "BlockElements": [
      {
       "Type": "Question",
       "QuestionID": "QID9"
      },
      {
       "Type": "Page Break"
      },
      {
       "Type": "Question",
       "QuestionID": "QID10"
      }
     ]
    },
    {
     "Type": "Trash",
     "Description": "Trash / Unused Questions",
     "ID": "BL_trash"
    }
   ]
  },
  {
   "SurveyID": "SV_filedrawer00000",
   "Element": "FL",
   "PrimaryAttribute": "Survey Flow",
   "SecondaryAttribute": null,
   "TertiaryAttribute": null,
   "Payload": {
    "Type": "Root",
    "FlowID": "FL_1",
    "Flow": [
     {
      "Type": "Block",
      "ID": "BL_b_consent",
      "FlowID": "FL_2",
      "Autofill": []
     },
     {
      "Type": "Branch",
      "FlowID": "FL_3",
      "Description": "If no consent",
      "BranchLogic": {
       "0": {
        "0": {
         "LogicType": "Question",
         "QuestionID": "QID1",
         "QuestionIsInLoop": "no",
         "ChoiceLocator": "q://QID1/SelectableChoice/2",
         "Operator": "Selected",
         "QuestionIDFromLocator": "QID1",
         "LeftOperand": "q://QID1/SelectableChoice/2",
         "Type": "Expression",
         "Description": "If QID1 choice 2 is selected"
        },
        "Type": "If"
       },
       "Type": "BooleanExpression"
      },
      "Flow": [
       {
        "Type": "EndSurvey",
        "FlowID": "FL_4"
       }
      ]
     },
     {
      "Type": "BlockRandomizer",
      "FlowID": "FL_5",
      "SubSet": 1,
      "EvenPresentation": true,
      "Flow": [
       {
        "Type": "Group",
        "FlowID": "FL_6",
        "Description": "Control",
        "Flow": [
         {
          "Type": "EmbeddedData",
          "FlowID": "FL_7",
          "EmbeddedData": [
           {
            "Description": "condition",
            "Type": "Custom",
            "Field": "condition",
            "VariableType": "String",
            "DataVisibility": [],
            "AnalyzeText": false,
            "Value": "control"
           }
          ]
         },
         {
          "Type": "Standard",
          "ID": "BL_b_control",
          "FlowID": "FL_8",
          "Autofill": []
         }
        ]
       },
       {
        "Type": "Group",
        "FlowID": "FL_9",
        "Description": "Accurate",
        "Flow": [
         {
          "Type": "EmbeddedData",
          "FlowID": "FL_10",
          "EmbeddedData": [
           {
            "Description": "condition",
            "Type": "Custom",
            "Field": "condition",
            "VariableType": "String",
            "DataVisibility": [],
            "AnalyzeText": false,
            "Value": "accurate"
           }
          ]
         },
         {
          "Type": "Standard",
          "ID": "BL_b_accurate",
          "FlowID": "FL_11",
          "Autofill": []
         }
        ]
       },
       {
        "Type": "Group",
        "FlowID": "FL_12",
        "Description": "Inaccurate",
        "Flow": [
         {
          "Type": "EmbeddedData",
          "FlowID": "FL_13",
          "EmbeddedData": [
           {
            "Description": "condition",
            "Type": "Custom",
            "Field": "condition",
            "VariableType": "String",
            "DataVisibility": [],
            "AnalyzeText": false,
            "Value": "inaccurate"
           }
          ]
         },
         {
          "Type": "Standard",
          "ID": "BL_b_wrong",
          "FlowID": "FL_14",
          "Autofill": []
         }
        ]
       }
      ]
     },
     {
      "Type": "EmbeddedData",
      "FlowID": "FL_15",
      "EmbeddedData": [
       {
        "Description": "post1",
        "Type": "Custom",
        "Field": "post1",
        "VariableType": "String",
        "DataVisibility": [],
        "AnalyzeText": false,
        "Value": "[IMAGE TO SUPPLY: a social media post with an image, with the automated label shown beside it in labeled arms]"
       }
      ]
     },
     {
      "Type": "Standard",
      "ID": "BL_b_feed",
      "FlowID": "FL_16",
      "Autofill": []
     },
     {
      "Type": "Standard",
      "ID": "BL_b_out",
      "FlowID": "FL_17",
      "Autofill": []
     },
     {
      "Type": "Standard",
      "ID": "BL_b_debrief",
      "FlowID": "FL_18",
      "Autofill": []
     },
     {
      "Type": "EmbeddedData",
      "FlowID": "FL_19",
      "EmbeddedData": [
       {
        "Description": "w2post1",
        "Type": "Custom",
        "Field": "w2post1",
        "VariableType": "String",
        "DataVisibility": [],
        "AnalyzeText": false,
        "Value": "[IMAGE TO SUPPLY: a fresh unlabeled social media post with an image]"
       }
      ]
     },
     {
      "Type": "Standard",
      "ID": "BL_b_w2",
      "FlowID": "FL_20",
      "Autofill": []
     }
    ],
    "Properties": {
     "Count": 20,
     "RemovedFieldsets": []
    }
   }
  },
  {
   "SurveyID": "SV_filedrawer00000",
   "Element": "PL",
   "PrimaryAttribute": "Preview Link",
   "SecondaryAttribute": null,
   "TertiaryAttribute": null,
   "Payload": {
    "PreviewType": "Brand",
    "PreviewID": "ae167da1-9f63-4dd3-a418-2390bf8e2ebc"
   }
  },
  {
   "SurveyID": "SV_filedrawer00000",
   "Element": "PROJ",
   "PrimaryAttribute": "CORE",
   "SecondaryAttribute": null,
   "TertiaryAttribute": "1.1.0",
   "Payload": {
    "ProjectCategory": "CORE",
    "SchemaVersion": "1.1.0"
   }
  },
  {
   "SurveyID": "SV_filedrawer00000",
   "Element": "QC",
   "PrimaryAttribute": "Survey Question Count",
   "SecondaryAttribute": "10",
   "TertiaryAttribute": null,
   "Payload": null
  },
  {
   "SurveyID": "SV_filedrawer00000",
   "Element": "RS",
   "PrimaryAttribute": "RS_filedrawer00000",
   "SecondaryAttribute": "Default Response Set",
   "TertiaryAttribute": null,
   "Payload": null
  },
  {
   "SurveyID": "SV_filedrawer00000",
   "Element": "SCO",
   "PrimaryAttribute": "Scoring",
   "SecondaryAttribute": null,
   "TertiaryAttribute": null,
   "Payload": {
    "ScoringCategories": [],
    "ScoringCategoryGroups": [],
    "ScoringSummaryCategory": null,
    "ScoringSummaryAfterQuestions": 0,
    "ScoringSummaryAfterSurvey": 0,
    "DefaultScoringCategory": null,
    "AutoScoringCategory": null
   }
  },
  {
   "SurveyID": "SV_filedrawer00000",
   "Element": "SO",
   "PrimaryAttribute": "Survey Options",
   "SecondaryAttribute": null,
   "TertiaryAttribute": null,
   "Payload": {
    "BackButton": "false",
    "SaveAndContinue": "true",
    "SurveyProtection": "PublicSurvey",
    "BallotBoxStuffingPrevention": "false",
    "NoIndex": "Yes",
    "SecureResponseFiles": "true",
    "SurveyExpiration": "None",
    "SurveyTermination": "DefaultMessage",
    "Header": "",
    "Footer": "",
    "ProgressBarDisplay": "None",
    "PartialData": "+1 week",
    "ValidationMessage": null,
    "PreviousButton": "",
    "NextButton": "",
    "SurveyTitle": "Automated detection labels: sensitivity vs bias (extension of: Improving AI Discernment: do misinfor",
    "SkinLibrary": "Qualtrics",
    "SkinType": "templated",
    "Skin": {
     "brandingId": null,
     "templateId": "*base",
     "overrides": null
    },
    "NewScoring": 1,
    "SurveyMetaDescription": "Respondents are randomised to control, accurate automated labels, or labels wrong on a fixed shar..."
   }
  },
  {
   "SurveyID": "SV_filedrawer00000",
   "Element": "STAT",
   "PrimaryAttribute": "Survey Statistics",
   "SecondaryAttribute": null,
   "TertiaryAttribute": null,
   "Payload": {
    "MobileCompatible": true,
    "ID": "Survey Statistics"
   }
  },
  {
   "SurveyID": "SV_filedrawer00000",
   "Element": "SQ",
   "PrimaryAttribute": "QID1",
   "SecondaryAttribute": "You are invited to a research study about how people judge online media. It take",
   "TertiaryAttribute": null,
   "Payload": {
    "QuestionText": "You are invited to a research study about how people judge online media. It takes about 10 minutes, is voluntary, and responses are anonymous. Do you consent to participate?",
    "DataExportTag": "consent",
    "DataVisibility": {
     "Private": false,
     "Hidden": false
    },
    "Configuration": {
     "QuestionDescriptionOption": "UseText"
    },
    "QuestionDescription": "You are invited to a research study about how people judge online media. It takes about 10 minute...",
    "Validation": {
     "Settings": {
      "ForceResponse": "ON",
      "ForceResponseType": "ON",
      "Type": "None"
     }
    },
    "Language": [],
    "QuestionID": "QID1",
    "QuestionType": "MC",
    "Selector": "SAVR",
    "SubSelector": "TX",
    "Choices": {
     "1": {
      "Display": "I consent"
     },
     "2": {
      "Display": "I do not consent"
     }
    },
    "ChoiceOrder": [
     "1",
     "2"
    ],
    "NextChoiceId": 3,
    "NextAnswerId": 1,
    "RecodeValues": {
     "1": "1",
     "2": "0"
    }
   }
  },
  {
   "SurveyID": "SV_filedrawer00000",
   "Element": "SQ",
   "PrimaryAttribute": "QID2",
   "SecondaryAttribute": "You will see 24 posts. For each, decide whether it is AI-generated. Go with your",
   "TertiaryAttribute": null,
   "Payload": {
    "QuestionText": "You will see 24 posts. For each, decide whether it is AI-generated. Go with your gut if unsure.",
    "DataVisibility": {
     "Private": false,
     "Hidden": false
    },
    "Configuration": {
     "QuestionDescriptionOption": "UseText"
    },
    "QuestionDescription": "You will see 24 posts. For each, decide whether it is AI-generated. Go with your gut if unsure.",
    "Validation": {
     "Settings": {
      "Type": "None"
     }
    },
    "Language": [],
    "QuestionID": "QID2",
    "QuestionType": "DB",
    "Selector": "TB",
    "DefaultChoices": false,
    "ChoiceOrder": [],
    "GradingData": [],
    "NextChoiceId": 1,
    "NextAnswerId": 1,
    "DataExportTag": "q_ctrl_txt"
   }
  },
  {
   "SurveyID": "SV_filedrawer00000",
   "Element": "SQ",
   "PrimaryAttribute": "QID3",
   "SecondaryAttribute": "You will see 24 posts. For each, decide whether it is AI-generated. Each post ca",
   "TertiaryAttribute": null,
   "Payload": {
    "QuestionText": "You will see 24 posts. For each, decide whether it is AI-generated. Each post carries a label from an automated AI-detection system, which will appear beside the post.",
    "DataVisibility": {
     "Private": false,
     "Hidden": false
    },
    "Configuration": {
     "QuestionDescriptionOption": "UseText"
    },
    "QuestionDescription": "You will see 24 posts. For each, decide whether it is AI-generated. Each post carries a label fro...",
    "Validation": {
     "Settings": {
      "Type": "None"
     }
    },
    "Language": [],
    "QuestionID": "QID3",
    "QuestionType": "DB",
    "Selector": "TB",
    "DefaultChoices": false,
    "ChoiceOrder": [],
    "GradingData": [],
    "NextChoiceId": 1,
    "NextAnswerId": 1,
    "DataExportTag": "q_acc_txt"
   }
  },
  {
   "SurveyID": "SV_filedrawer00000",
   "Element": "SQ",
   "PrimaryAttribute": "QID4",
   "SecondaryAttribute": "You will see 24 posts. For each, decide whether it is AI-generated. Each post ca",
   "TertiaryAttribute": null,
   "Payload": {
    "QuestionText": "You will see 24 posts. For each, decide whether it is AI-generated. Each post carries a label from an automated AI-detection system, which will appear beside the post. The system is not perfect.",
    "DataVisibility": {
     "Private": false,
     "Hidden": false
    },
    "Configuration": {
     "QuestionDescriptionOption": "UseText"
    },
    "QuestionDescription": "You will see 24 posts. For each, decide whether it is AI-generated. Each post carries a label fro...",
    "Validation": {
     "Settings": {
      "Type": "None"
     }
    },
    "Language": [],
    "QuestionID": "QID4",
    "QuestionType": "DB",
    "Selector": "TB",
    "DefaultChoices": false,
    "ChoiceOrder": [],
    "GradingData": [],
    "NextChoiceId": 1,
    "NextAnswerId": 1,
    "DataExportTag": "q_wr_txt"
   }
  },
  {
   "SurveyID": "SV_filedrawer00000",
   "Element": "SQ",
   "PrimaryAttribute": "QID5",
   "SecondaryAttribute": "{{ed:post1}}",
   "TertiaryAttribute": null,
   "Payload": {
    "QuestionText": "${e://Field/post1}",
    "DataVisibility": {
     "Private": false,
     "Hidden": false
    },
    "Configuration": {
     "QuestionDescriptionOption": "UseText"
    },
    "QuestionDescription": "${e://Field/post1}",
    "Validation": {
     "Settings": {
      "Type": "None"
     }
    },
    "Language": [],
    "QuestionID": "QID5",
    "QuestionType": "DB",
    "Selector": "TB",
    "DefaultChoices": false,
    "ChoiceOrder": [],
    "GradingData": [],
    "NextChoiceId": 1,
    "NextAnswerId": 1,
    "DataExportTag": "q_post_show"
   }
  },
  {
   "SurveyID": "SV_filedrawer00000",
   "Element": "SQ",
   "PrimaryAttribute": "QID6",
   "SecondaryAttribute": "Is this post AI-generated? (Repeated for each of the 24 posts, shown in random o",
   "TertiaryAttribute": null,
   "Payload": {
    "QuestionText": "Is this post AI-generated? (Repeated for each of the 24 posts, shown in random order, 12 AI and 12 authentic.)",
    "DataExportTag": "post1_judge",
    "DataVisibility": {
     "Private": false,
     "Hidden": false
    },
    "Configuration": {
     "QuestionDescriptionOption": "UseText"
    },
    "QuestionDescription": "Is this post AI-generated? (Repeated for each of the 24 posts, shown in random order, 12 AI and 1...",
    "Validation": {
     "Settings": {
      "ForceResponse": "ON",
      "ForceResponseType": "ON",
      "Type": "None"
     }
    },
    "Language": [],
    "QuestionID": "QID6",
    "QuestionType": "MC",
    "Selector": "SAVR",
    "SubSelector": "TX",
    "Choices": {
     "1": {
      "Display": "AI-generated"
     },
     "2": {
      "Display": "Not AI-generated"
     }
    },
    "ChoiceOrder": [
     "1",
     "2"
    ],
    "NextChoiceId": 3,
    "NextAnswerId": 1,
    "RecodeValues": {
     "1": "1",
     "2": "0"
    }
   }
  },
  {
   "SurveyID": "SV_filedrawer00000",
   "Element": "SQ",
   "PrimaryAttribute": "QID7",
   "SecondaryAttribute": "Please answer the following questions about artificial intelligence.",
   "TertiaryAttribute": null,
   "Payload": {
    "QuestionText": "Please answer the following questions about artificial intelligence.",
    "DataExportTag": "ai_outcome",
    "DataVisibility": {
     "Private": false,
     "Hidden": false
    },
    "Configuration": {
     "QuestionDescriptionOption": "UseText",
     "TextPosition": "inline",
     "ChoiceColumnWidth": 25,
     "RepeatHeaders": "none",
     "WhiteSpace": "OFF",
     "MobileFirst": true
    },
    "QuestionDescription": "Please answer the following questions about artificial intelligence.",
    "Validation": {
     "Settings": {
      "ForceResponse": "ON",
      "ForceResponseType": "ON",
      "Type": "None"
     }
    },
    "Language": [],
    "QuestionID": "QID7",
    "QuestionType": "Matrix",
    "Selector": "Likert",
    "SubSelector": "SingleAnswer",
    "DefaultChoices": false,
    "GradingData": [],
    "ChoiceDataExportTags": false,
    "Choices": {
     "1": {
      "Display": "I feel confident in my ability to detect artificial intelligence."
     },
     "2": {
      "Display": "I think artificial intelligence technology is a threat to humans."
     }
    },
    "ChoiceOrder": [
     "1",
     "2"
    ],
    "Answers": {
     "1": {
      "Display": "Strongly disagree"
     },
     "2": {
      "Display": "Disagree"
     },
     "3": {
      "Display": "Somewhat disagree"
     },
     "4": {
      "Display": "Neither agree nor disagree"
     },
     "5": {
      "Display": "Somewhat agree"
     },
     "6": {
      "Display": "Agree"
     },
     "7": {
      "Display": "Strongly agree"
     }
    },
    "AnswerOrder": [
     "1",
     "2",
     "3",
     "4",
     "5",
     "6",
     "7"
    ],
    "NextChoiceId": 3,
    "NextAnswerId": 8
   }
  },
  {
   "SurveyID": "SV_filedrawer00000",
   "Element": "SQ",
   "PrimaryAttribute": "QID8",
   "SecondaryAttribute": "Thank you. Some automated labels you saw may have been deliberately inaccurate t",
   "TertiaryAttribute": null,
   "Payload": {
    "QuestionText": "Thank you. Some automated labels you saw may have been deliberately inaccurate to study how labels affect judgments. Please do not rely on them. You may be invited to a short follow-up in a few days.",
    "DataVisibility": {
     "Private": false,
     "Hidden": false
    },
    "Configuration": {
     "QuestionDescriptionOption": "UseText"
    },
    "QuestionDescription": "Thank you. Some automated labels you saw may have been deliberately inaccurate to study how label...",
    "Validation": {
     "Settings": {
      "Type": "None"
     }
    },
    "Language": [],
    "QuestionID": "QID8",
    "QuestionType": "DB",
    "Selector": "TB",
    "DefaultChoices": false,
    "ChoiceOrder": [],
    "GradingData": [],
    "NextChoiceId": 1,
    "NextAnswerId": 1,
    "DataExportTag": "q_debrief"
   }
  },
  {
   "SurveyID": "SV_filedrawer00000",
   "Element": "SQ",
   "PrimaryAttribute": "QID9",
   "SecondaryAttribute": "{{ed:w2post1}}",
   "TertiaryAttribute": null,
   "Payload": {
    "QuestionText": "${e://Field/w2post1}",
    "DataVisibility": {
     "Private": false,
     "Hidden": false
    },
    "Configuration": {
     "QuestionDescriptionOption": "UseText"
    },
    "QuestionDescription": "${e://Field/w2post1}",
    "Validation": {
     "Settings": {
      "Type": "None"
     }
    },
    "Language": [],
    "QuestionID": "QID9",
    "QuestionType": "DB",
    "Selector": "TB",
    "DefaultChoices": false,
    "ChoiceOrder": [],
    "GradingData": [],
    "NextChoiceId": 1,
    "NextAnswerId": 1,
    "DataExportTag": "q_w2_show"
   }
  },
  {
   "SurveyID": "SV_filedrawer00000",
   "Element": "SQ",
   "PrimaryAttribute": "QID10",
   "SecondaryAttribute": "Is this post AI-generated? (Repeated for 12 new unlabeled posts, 6 AI and 6 auth",
   "TertiaryAttribute": null,
   "Payload": {
    "QuestionText": "Is this post AI-generated? (Repeated for 12 new unlabeled posts, 6 AI and 6 authentic.)",
    "DataExportTag": "w2post1_judge",
    "DataVisibility": {
     "Private": false,
     "Hidden": false
    },
    "Configuration": {
     "QuestionDescriptionOption": "UseText"
    },
    "QuestionDescription": "Is this post AI-generated? (Repeated for 12 new unlabeled posts, 6 AI and 6 authentic.)",
    "Validation": {
     "Settings": {
      "ForceResponse": "ON",
      "ForceResponseType": "ON",
      "Type": "None"
     }
    },
    "Language": [],
    "QuestionID": "QID10",
    "QuestionType": "MC",
    "Selector": "SAVR",
    "SubSelector": "TX",
    "Choices": {
     "1": {
      "Display": "AI-generated"
     },
     "2": {
      "Display": "Not AI-generated"
     }
    },
    "ChoiceOrder": [
     "1",
     "2"
    ],
    "NextChoiceId": 3,
    "NextAnswerId": 1,
    "RecodeValues": {
     "1": "1",
     "2": "0"
    }
   }
  }
 ]
}