{
 "SurveyEntry": {
  "SurveyID": "SV_filedrawer00000",
  "SurveyName": "Automated Flagging across generator realism and media trust (extension of: Improving AI Discernment:",
  "SurveyDescription": null,
  "SurveyOwnerID": "UR_filedrawer00000",
  "SurveyBrandID": "",
  "DivisionID": null,
  "SurveyLanguage": "EN",
  "SurveyActiveResponseSet": "RS_filedrawer00000",
  "SurveyStatus": "Inactive",
  "SurveyStartDate": "0000-00-00 00:00:00",
  "SurveyExpirationDate": "0000-00-00 00:00:00",
  "SurveyCreationDate": "2026-10-07 02:40:50",
  "CreatorID": "UR_filedrawer00000",
  "LastModified": "2026-10-07 02:40:50",
  "LastAccessed": "0000-00-00 00:00:00",
  "LastActivated": "0000-00-00 00:00:00",
  "Deleted": null
 },
 "SurveyElements": [
  {
   "SurveyID": "SV_filedrawer00000",
   "Element": "BL",
   "PrimaryAttribute": "Survey Blocks",
   "SecondaryAttribute": null,
   "TertiaryAttribute": null,
   "Payload": [
    {
     "Type": "Default",
     "Description": "Consent",
     "ID": "BL_b_consent",
     "BlockElements": [
      {
       "Type": "Question",
       "QuestionID": "QID1"
      }
     ]
    },
    {
     "Type": "Standard",
     "Description": "Pre-treatment moderators",
     "ID": "BL_b_pre",
     "BlockElements": [
      {
       "Type": "Question",
       "QuestionID": "QID2"
      },
      {
       "Type": "Page Break"
      },
      {
       "Type": "Question",
       "QuestionID": "QID3"
      },
      {
       "Type": "Page Break"
      },
      {
       "Type": "Question",
       "QuestionID": "QID4"
      }
     ]
    },
    {
     "Type": "Standard",
     "Description": "Task intro",
     "ID": "BL_b_intro",
     "BlockElements": [
      {
       "Type": "Question",
       "QuestionID": "QID5"
      }
     ]
    },
    {
     "Type": "Standard",
     "Description": "Control feed",
     "ID": "BL_b_ctrl",
     "BlockElements": [
      {
       "Type": "Question",
       "QuestionID": "QID6"
      },
      {
       "Type": "Page Break"
      },
      {
       "Type": "Question",
       "QuestionID": "QID7"
      }
     ]
    },
    {
     "Type": "Standard",
     "Description": "Flagging feed",
     "ID": "BL_b_flag",
     "BlockElements": [
      {
       "Type": "Question",
       "QuestionID": "QID8"
      },
      {
       "Type": "Page Break"
      },
      {
       "Type": "Question",
       "QuestionID": "QID9"
      }
     ]
    },
    {
     "Type": "Standard",
     "Description": "Outcomes",
     "ID": "BL_b_out",
     "BlockElements": [
      {
       "Type": "Question",
       "QuestionID": "QID10"
      }
     ]
    },
    {
     "Type": "Standard",
     "Description": "Debrief",
     "ID": "BL_b_debrief",
     "BlockElements": [
      {
       "Type": "Question",
       "QuestionID": "QID11"
      }
     ]
    },
    {
     "Type": "Trash",
     "Description": "Trash / Unused Questions",
     "ID": "BL_trash"
    }
   ]
  },
  {
   "SurveyID": "SV_filedrawer00000",
   "Element": "FL",
   "PrimaryAttribute": "Survey Flow",
   "SecondaryAttribute": null,
   "TertiaryAttribute": null,
   "Payload": {
    "Type": "Root",
    "FlowID": "FL_1",
    "Flow": [
     {
      "Type": "Block",
      "ID": "BL_b_consent",
      "FlowID": "FL_2",
      "Autofill": []
     },
     {
      "Type": "Branch",
      "FlowID": "FL_3",
      "Description": "Non-consent",
      "BranchLogic": {
       "0": {
        "0": {
         "LogicType": "Question",
         "QuestionID": "QID1",
         "QuestionIsInLoop": "no",
         "ChoiceLocator": "q://QID1/SelectableChoice/2",
         "Operator": "Selected",
         "QuestionIDFromLocator": "QID1",
         "LeftOperand": "q://QID1/SelectableChoice/2",
         "Type": "Expression",
         "Description": "If QID1 choice 2 is selected"
        },
        "Type": "If"
       },
       "Type": "BooleanExpression"
      },
      "Flow": [
       {
        "Type": "EndSurvey",
        "FlowID": "FL_4"
       }
      ]
     },
     {
      "Type": "Standard",
      "ID": "BL_b_pre",
      "FlowID": "FL_5",
      "Autofill": []
     },
     {
      "Type": "Standard",
      "ID": "BL_b_intro",
      "FlowID": "FL_6",
      "Autofill": []
     },
     {
      "Type": "BlockRandomizer",
      "FlowID": "FL_7",
      "SubSet": 1,
      "EvenPresentation": true,
      "Flow": [
       {
        "Type": "Group",
        "FlowID": "FL_8",
        "Description": "2023 set",
        "Flow": [
         {
          "Type": "EmbeddedData",
          "FlowID": "FL_9",
          "EmbeddedData": [
           {
            "Description": "post_set",
            "Type": "Custom",
            "Field": "post_set",
            "VariableType": "String",
            "DataVisibility": [],
            "AnalyzeText": false,
            "Value": "[IMAGE TO SUPPLY: 2023-era synthetic or authentic post from the older-generator set]"
           }
          ]
         }
        ]
       },
       {
        "Type": "Group",
        "FlowID": "FL_10",
        "Description": "Current set",
        "Flow": [
         {
          "Type": "EmbeddedData",
          "FlowID": "FL_11",
          "EmbeddedData": [
           {
            "Description": "post_set",
            "Type": "Custom",
            "Field": "post_set",
            "VariableType": "String",
            "DataVisibility": [],
            "AnalyzeText": false,
            "Value": "[IMAGE TO SUPPLY: current-generation synthetic or authentic post from the newer-generator set]"
           }
          ]
         }
        ]
       }
      ]
     },
     {
      "Type": "BlockRandomizer",
      "FlowID": "FL_12",
      "SubSet": 1,
      "EvenPresentation": true,
      "Flow": [
       {
        "Type": "Group",
        "FlowID": "FL_13",
        "Description": "Control",
        "Flow": [
         {
          "Type": "EmbeddedData",
          "FlowID": "FL_14",
          "EmbeddedData": [
           {
            "Description": "condition",
            "Type": "Custom",
            "Field": "condition",
            "VariableType": "String",
            "DataVisibility": [],
            "AnalyzeText": false,
            "Value": "control"
           }
          ]
         },
         {
          "Type": "EmbeddedData",
          "FlowID": "FL_15",
          "EmbeddedData": [
           {
            "Description": "post_label_none",
            "Type": "Custom",
            "Field": "post_label_none",
            "VariableType": "String",
            "DataVisibility": [],
            "AnalyzeText": false,
            "Value": "No label shown."
           }
          ]
         },
         {
          "Type": "Standard",
          "ID": "BL_b_ctrl",
          "FlowID": "FL_16",
          "Autofill": []
         }
        ]
       },
       {
        "Type": "Group",
        "FlowID": "FL_17",
        "Description": "Automated Flagging",
        "Flow": [
         {
          "Type": "EmbeddedData",
          "FlowID": "FL_18",
          "EmbeddedData": [
           {
            "Description": "condition",
            "Type": "Custom",
            "Field": "condition",
            "VariableType": "String",
            "DataVisibility": [],
            "AnalyzeText": false,
            "Value": "auto_flag"
           }
          ]
         },
         {
          "Type": "EmbeddedData",
          "FlowID": "FL_19",
          "EmbeddedData": [
           {
            "Description": "post_label_auto",
            "Type": "Custom",
            "Field": "post_label_auto",
            "VariableType": "String",
            "DataVisibility": [],
            "AnalyzeText": false,
            "Value": "[IMAGE TO SUPPLY: machine-learning AI-detection label displayed under the post with a detection score]"
           }
          ]
         },
         {
          "Type": "Standard",
          "ID": "BL_b_flag",
          "FlowID": "FL_20",
          "Autofill": []
         }
        ]
       }
      ]
     },
     {
      "Type": "Standard",
      "ID": "BL_b_out",
      "FlowID": "FL_21",
      "Autofill": []
     },
     {
      "Type": "Standard",
      "ID": "BL_b_debrief",
      "FlowID": "FL_22",
      "Autofill": []
     }
    ],
    "Properties": {
     "Count": 22,
     "RemovedFieldsets": []
    }
   }
  },
  {
   "SurveyID": "SV_filedrawer00000",
   "Element": "PL",
   "PrimaryAttribute": "Preview Link",
   "SecondaryAttribute": null,
   "TertiaryAttribute": null,
   "Payload": {
    "PreviewType": "Brand",
    "PreviewID": "faa8679b-1b25-42d7-bc7e-79bda0af18e9"
   }
  },
  {
   "SurveyID": "SV_filedrawer00000",
   "Element": "PROJ",
   "PrimaryAttribute": "CORE",
   "SecondaryAttribute": null,
   "TertiaryAttribute": "1.1.0",
   "Payload": {
    "ProjectCategory": "CORE",
    "SchemaVersion": "1.1.0"
   }
  },
  {
   "SurveyID": "SV_filedrawer00000",
   "Element": "QC",
   "PrimaryAttribute": "Survey Question Count",
   "SecondaryAttribute": "11",
   "TertiaryAttribute": null,
   "Payload": null
  },
  {
   "SurveyID": "SV_filedrawer00000",
   "Element": "RS",
   "PrimaryAttribute": "RS_filedrawer00000",
   "SecondaryAttribute": "Default Response Set",
   "TertiaryAttribute": null,
   "Payload": null
  },
  {
   "SurveyID": "SV_filedrawer00000",
   "Element": "SCO",
   "PrimaryAttribute": "Scoring",
   "SecondaryAttribute": null,
   "TertiaryAttribute": null,
   "Payload": {
    "ScoringCategories": [],
    "ScoringCategoryGroups": [],
    "ScoringSummaryCategory": null,
    "ScoringSummaryAfterQuestions": 0,
    "ScoringSummaryAfterSurvey": 0,
    "DefaultScoringCategory": null,
    "AutoScoringCategory": null
   }
  },
  {
   "SurveyID": "SV_filedrawer00000",
   "Element": "SO",
   "PrimaryAttribute": "Survey Options",
   "SecondaryAttribute": null,
   "TertiaryAttribute": null,
   "Payload": {
    "BackButton": "false",
    "SaveAndContinue": "true",
    "SurveyProtection": "PublicSurvey",
    "BallotBoxStuffingPrevention": "false",
    "NoIndex": "Yes",
    "SecureResponseFiles": "true",
    "SurveyExpiration": "None",
    "SurveyTermination": "DefaultMessage",
    "Header": "",
    "Footer": "",
    "ProgressBarDisplay": "None",
    "PartialData": "+1 week",
    "ValidationMessage": null,
    "PreviousButton": "",
    "NextButton": "",
    "SurveyTitle": "Automated Flagging across generator realism and media trust (extension of: Improving AI Discernment:",
    "SkinLibrary": "Qualtrics",
    "SkinType": "templated",
    "Skin": {
     "brandingId": null,
     "templateId": "*base",
     "overrides": null
    },
    "NewScoring": 1,
    "SurveyMetaDescription": "Respondents report media trust and AI familiarity, then are randomised to Control or Automated Fl..."
   }
  },
  {
   "SurveyID": "SV_filedrawer00000",
   "Element": "STAT",
   "PrimaryAttribute": "Survey Statistics",
   "SecondaryAttribute": null,
   "TertiaryAttribute": null,
   "Payload": {
    "MobileCompatible": true,
    "ID": "Survey Statistics"
   }
  },
  {
   "SurveyID": "SV_filedrawer00000",
   "Element": "SQ",
   "PrimaryAttribute": "QID1",
   "SecondaryAttribute": "You are invited to a research study about judging online media. It takes about 1",
   "TertiaryAttribute": null,
   "Payload": {
    "QuestionText": "You are invited to a research study about judging online media. It takes about 10 minutes, is voluntary, and your answers are anonymous. Do you consent to participate?",
    "DataExportTag": "consent",
    "DataVisibility": {
     "Private": false,
     "Hidden": false
    },
    "Configuration": {
     "QuestionDescriptionOption": "UseText"
    },
    "QuestionDescription": "You are invited to a research study about judging online media. It takes about 10 minutes, is vol...",
    "Validation": {
     "Settings": {
      "ForceResponse": "ON",
      "ForceResponseType": "ON",
      "Type": "None"
     }
    },
    "Language": [],
    "QuestionID": "QID1",
    "QuestionType": "MC",
    "Selector": "SAVR",
    "SubSelector": "TX",
    "Choices": {
     "1": {
      "Display": "I consent"
     },
     "2": {
      "Display": "I do not consent"
     }
    },
    "ChoiceOrder": [
     "1",
     "2"
    ],
    "NextChoiceId": 3,
    "NextAnswerId": 1,
    "RecodeValues": {
     "1": "1",
     "2": "0"
    }
   }
  },
  {
   "SurveyID": "SV_filedrawer00000",
   "Element": "SQ",
   "PrimaryAttribute": "QID2",
   "SecondaryAttribute": "In general, how much trust and confidence do you have in the news media when it ",
   "TertiaryAttribute": null,
   "Payload": {
    "QuestionText": "In general, how much trust and confidence do you have in the news media when it comes to reporting the news fully, accurately and fairly?",
    "DataExportTag": "media_confidence",
    "DataVisibility": {
     "Private": false,
     "Hidden": false
    },
    "Configuration": {
     "QuestionDescriptionOption": "UseText"
    },
    "QuestionDescription": "In general, how much trust and confidence do you have in the news media when it comes to reportin...",
    "Validation": {
     "Settings": {
      "ForceResponse": "ON",
      "ForceResponseType": "ON",
      "Type": "None"
     }
    },
    "Language": [],
    "QuestionID": "QID2",
    "QuestionType": "MC",
    "Selector": "SAVR",
    "SubSelector": "TX",
    "Choices": {
     "1": {
      "Display": "A great deal"
     },
     "2": {
      "Display": "A fair amount"
     },
     "3": {
      "Display": "Not very much"
     },
     "4": {
      "Display": "None at all"
     }
    },
    "ChoiceOrder": [
     "1",
     "2",
     "3",
     "4"
    ],
    "NextChoiceId": 5,
    "NextAnswerId": 1,
    "RecodeValues": {
     "1": "4",
     "2": "3",
     "3": "2",
     "4": "1"
    }
   }
  },
  {
   "SurveyID": "SV_filedrawer00000",
   "Element": "SQ",
   "PrimaryAttribute": "QID3",
   "SecondaryAttribute": "Please rate the extent to which the following claims about you are true.",
   "TertiaryAttribute": null,
   "Payload": {
    "QuestionText": "Please rate the extent to which the following claims about you are true.",
    "DataExportTag": "trust_online",
    "DataVisibility": {
     "Private": false,
     "Hidden": false
    },
    "Configuration": {
     "QuestionDescriptionOption": "UseText",
     "TextPosition": "inline",
     "ChoiceColumnWidth": 25,
     "RepeatHeaders": "none",
     "WhiteSpace": "OFF",
     "MobileFirst": true
    },
    "QuestionDescription": "Please rate the extent to which the following claims about you are true.",
    "Validation": {
     "Settings": {
      "ForceResponse": "ON",
      "ForceResponseType": "ON",
      "Type": "None"
     }
    },
    "Language": [],
    "QuestionID": "QID3",
    "QuestionType": "Matrix",
    "Selector": "Likert",
    "SubSelector": "SingleAnswer",
    "DefaultChoices": false,
    "GradingData": [],
    "ChoiceDataExportTags": false,
    "Choices": {
     "1": {
      "Display": "I generally trust what I see online."
     },
     "2": {
      "Display": "It is essential to verify information online using multiple sources."
     },
     "3": {
      "Display": "Most of the information online is biased and inaccurate."
     }
    },
    "ChoiceOrder": [
     "1",
     "2",
     "3"
    ],
    "Answers": {
     "1": {
      "Display": "Strongly disagree"
     },
     "2": {
      "Display": "Somewhat disagree"
     },
     "3": {
      "Display": "Neither agree nor disagree"
     },
     "4": {
      "Display": "Somewhat agree"
     },
     "5": {
      "Display": "Strongly agree"
     }
    },
    "AnswerOrder": [
     "1",
     "2",
     "3",
     "4",
     "5"
    ],
    "NextChoiceId": 4,
    "NextAnswerId": 6
   }
  },
  {
   "SurveyID": "SV_filedrawer00000",
   "Element": "SQ",
   "PrimaryAttribute": "QID4",
   "SecondaryAttribute": "Have you ever interacted with any of the following tools? Please check all that ",
   "TertiaryAttribute": null,
   "Payload": {
    "QuestionText": "Have you ever interacted with any of the following tools? Please check all that apply. If you have not interacted with any of these tools, skip to the next question.",
    "DataExportTag": "subscriptions",
    "DataVisibility": {
     "Private": false,
     "Hidden": false
    },
    "Configuration": {
     "QuestionDescriptionOption": "UseText"
    },
    "QuestionDescription": "Have you ever interacted with any of the following tools? Please check all that apply. If you hav...",
    "Validation": {
     "Settings": {
      "Type": "None"
     }
    },
    "Language": [],
    "QuestionID": "QID4",
    "QuestionType": "MC",
    "Selector": "MAVR",
    "SubSelector": "TX",
    "Choices": {
     "1": {
      "Display": "ChatGPT"
     },
     "2": {
      "Display": "Bing Chat"
     },
     "3": {
      "Display": "Anthropic Claude"
     },
     "4": {
      "Display": "Character.ai"
     },
     "5": {
      "Display": "Dall-E"
     },
     "6": {
      "Display": "Midjourney"
     },
     "7": {
      "Display": "Stable Diffusion"
     }
    },
    "ChoiceOrder": [
     "1",
     "2",
     "3",
     "4",
     "5",
     "6",
     "7"
    ],
    "NextChoiceId": 8,
    "NextAnswerId": 1,
    "RecodeValues": {
     "1": "1",
     "2": "2",
     "3": "3",
     "4": "4",
     "5": "5",
     "6": "6",
     "7": "7"
    }
   }
  },
  {
   "SurveyID": "SV_filedrawer00000",
   "Element": "SQ",
   "PrimaryAttribute": "QID5",
   "SecondaryAttribute": "Next you will see a series of posts. Some are AI-generated and some are authenti",
   "TertiaryAttribute": null,
   "Payload": {
    "QuestionText": "Next you will see a series of posts. Some are AI-generated and some are authentic. For each, mark whether it is AI-generated or not. Go with your gut if unsure.",
    "DataVisibility": {
     "Private": false,
     "Hidden": false
    },
    "Configuration": {
     "QuestionDescriptionOption": "UseText"
    },
    "QuestionDescription": "Next you will see a series of posts. Some are AI-generated and some are authentic. For each, mark...",
    "Validation": {
     "Settings": {
      "Type": "None"
     }
    },
    "Language": [],
    "QuestionID": "QID5",
    "QuestionType": "DB",
    "Selector": "TB",
    "DefaultChoices": false,
    "ChoiceOrder": [],
    "GradingData": [],
    "NextChoiceId": 1,
    "NextAnswerId": 1,
    "DataExportTag": "q_intro"
   }
  },
  {
   "SurveyID": "SV_filedrawer00000",
   "Element": "SQ",
   "PrimaryAttribute": "QID6",
   "SecondaryAttribute": "{{ed:post_set}} {{ed:post_label_none}}",
   "TertiaryAttribute": null,
   "Payload": {
    "QuestionText": "${e://Field/post_set} ${e://Field/post_label_none}",
    "DataVisibility": {
     "Private": false,
     "Hidden": false
    },
    "Configuration": {
     "QuestionDescriptionOption": "UseText"
    },
    "QuestionDescription": "${e://Field/post_set} ${e://Field/post_label_none}",
    "Validation": {
     "Settings": {
      "Type": "None"
     }
    },
    "Language": [],
    "QuestionID": "QID6",
    "QuestionType": "DB",
    "Selector": "TB",
    "DefaultChoices": false,
    "ChoiceOrder": [],
    "GradingData": [],
    "NextChoiceId": 1,
    "NextAnswerId": 1,
    "DataExportTag": "q_c_post"
   }
  },
  {
   "SurveyID": "SV_filedrawer00000",
   "Element": "SQ",
   "PrimaryAttribute": "QID7",
   "SecondaryAttribute": "Is the post above AI-generated?",
   "TertiaryAttribute": null,
   "Payload": {
    "QuestionText": "Is the post above AI-generated?",
    "DataExportTag": "ctrl_judge",
    "DataVisibility": {
     "Private": false,
     "Hidden": false
    },
    "Configuration": {
     "QuestionDescriptionOption": "UseText"
    },
    "QuestionDescription": "Is the post above AI-generated?",
    "Validation": {
     "Settings": {
      "ForceResponse": "ON",
      "ForceResponseType": "ON",
      "Type": "None"
     }
    },
    "Language": [],
    "QuestionID": "QID7",
    "QuestionType": "MC",
    "Selector": "SAVR",
    "SubSelector": "TX",
    "Choices": {
     "1": {
      "Display": "AI-generated"
     },
     "2": {
      "Display": "Not AI-generated"
     }
    },
    "ChoiceOrder": [
     "1",
     "2"
    ],
    "NextChoiceId": 3,
    "NextAnswerId": 1,
    "RecodeValues": {
     "1": "1",
     "2": "0"
    }
   }
  },
  {
   "SurveyID": "SV_filedrawer00000",
   "Element": "SQ",
   "PrimaryAttribute": "QID8",
   "SecondaryAttribute": "{{ed:post_set}} {{ed:post_label_auto}}",
   "TertiaryAttribute": null,
   "Payload": {
    "QuestionText": "${e://Field/post_set} ${e://Field/post_label_auto}",
    "DataVisibility": {
     "Private": false,
     "Hidden": false
    },
    "Configuration": {
     "QuestionDescriptionOption": "UseText"
    },
    "QuestionDescription": "${e://Field/post_set} ${e://Field/post_label_auto}",
    "Validation": {
     "Settings": {
      "Type": "None"
     }
    },
    "Language": [],
    "QuestionID": "QID8",
    "QuestionType": "DB",
    "Selector": "TB",
    "DefaultChoices": false,
    "ChoiceOrder": [],
    "GradingData": [],
    "NextChoiceId": 1,
    "NextAnswerId": 1,
    "DataExportTag": "q_f_post"
   }
  },
  {
   "SurveyID": "SV_filedrawer00000",
   "Element": "SQ",
   "PrimaryAttribute": "QID9",
   "SecondaryAttribute": "Is the post above AI-generated?",
   "TertiaryAttribute": null,
   "Payload": {
    "QuestionText": "Is the post above AI-generated?",
    "DataExportTag": "flag_judge",
    "DataVisibility": {
     "Private": false,
     "Hidden": false
    },
    "Configuration": {
     "QuestionDescriptionOption": "UseText"
    },
    "QuestionDescription": "Is the post above AI-generated?",
    "Validation": {
     "Settings": {
      "ForceResponse": "ON",
      "ForceResponseType": "ON",
      "Type": "None"
     }
    },
    "Language": [],
    "QuestionID": "QID9",
    "QuestionType": "MC",
    "Selector": "SAVR",
    "SubSelector": "TX",
    "Choices": {
     "1": {
      "Display": "AI-generated"
     },
     "2": {
      "Display": "Not AI-generated"
     }
    },
    "ChoiceOrder": [
     "1",
     "2"
    ],
    "NextChoiceId": 3,
    "NextAnswerId": 1,
    "RecodeValues": {
     "1": "1",
     "2": "0"
    }
   }
  },
  {
   "SurveyID": "SV_filedrawer00000",
   "Element": "SQ",
   "PrimaryAttribute": "QID10",
   "SecondaryAttribute": "Please answer the following question about artificial intelligence.",
   "TertiaryAttribute": null,
   "Payload": {
    "QuestionText": "Please answer the following question about artificial intelligence.",
    "DataExportTag": "ai_confidence",
    "DataVisibility": {
     "Private": false,
     "Hidden": false
    },
    "Configuration": {
     "QuestionDescriptionOption": "UseText",
     "TextPosition": "inline",
     "ChoiceColumnWidth": 25,
     "RepeatHeaders": "none",
     "WhiteSpace": "OFF",
     "MobileFirst": true
    },
    "QuestionDescription": "Please answer the following question about artificial intelligence.",
    "Validation": {
     "Settings": {
      "ForceResponse": "ON",
      "ForceResponseType": "ON",
      "Type": "None"
     }
    },
    "Language": [],
    "QuestionID": "QID10",
    "QuestionType": "Matrix",
    "Selector": "Likert",
    "SubSelector": "SingleAnswer",
    "DefaultChoices": false,
    "GradingData": [],
    "ChoiceDataExportTags": false,
    "Choices": {
     "1": {
      "Display": "I feel confident in my ability to detect artificial intelligence."
     }
    },
    "ChoiceOrder": [
     "1"
    ],
    "Answers": {
     "1": {
      "Display": "Strongly disagree"
     },
     "2": {
      "Display": "Disagree"
     },
     "3": {
      "Display": "Somewhat disagree"
     },
     "4": {
      "Display": "Neither agree nor disagree"
     },
     "5": {
      "Display": "Somewhat agree"
     },
     "6": {
      "Display": "Agree"
     },
     "7": {
      "Display": "Strongly agree"
     }
    },
    "AnswerOrder": [
     "1",
     "2",
     "3",
     "4",
     "5",
     "6",
     "7"
    ],
    "NextChoiceId": 2,
    "NextAnswerId": 8
   }
  },
  {
   "SurveyID": "SV_filedrawer00000",
   "Element": "SQ",
   "PrimaryAttribute": "QID11",
   "SecondaryAttribute": "Thank you. Some posts were AI-generated and labels in this study may not have be",
   "TertiaryAttribute": null,
   "Payload": {
    "QuestionText": "Thank you. Some posts were AI-generated and labels in this study may not have been perfectly accurate. In about two weeks we may invite you to a short follow-up.",
    "DataVisibility": {
     "Private": false,
     "Hidden": false
    },
    "Configuration": {
     "QuestionDescriptionOption": "UseText"
    },
    "QuestionDescription": "Thank you. Some posts were AI-generated and labels in this study may not have been perfectly accu...",
    "Validation": {
     "Settings": {
      "Type": "None"
     }
    },
    "Language": [],
    "QuestionID": "QID11",
    "QuestionType": "DB",
    "Selector": "TB",
    "DefaultChoices": false,
    "ChoiceOrder": [],
    "GradingData": [],
    "NextChoiceId": 1,
    "NextAnswerId": 1,
    "DataExportTag": "q_debrief"
   }
  }
 ]
}