{
 "SurveyEntry": {
  "SurveyID": "SV_filedrawer00000",
  "SurveyName": "Discernment vs response bias: manipulating base rates (extension of: Improving AI Discernment: do mi",
  "SurveyDescription": null,
  "SurveyOwnerID": "UR_filedrawer00000",
  "SurveyBrandID": "",
  "DivisionID": null,
  "SurveyLanguage": "EN",
  "SurveyActiveResponseSet": "RS_filedrawer00000",
  "SurveyStatus": "Inactive",
  "SurveyStartDate": "0000-00-00 00:00:00",
  "SurveyExpirationDate": "0000-00-00 00:00:00",
  "SurveyCreationDate": "2026-10-03 11:29:13",
  "CreatorID": "UR_filedrawer00000",
  "LastModified": "2026-10-03 11:29:13",
  "LastAccessed": "0000-00-00 00:00:00",
  "LastActivated": "0000-00-00 00:00:00",
  "Deleted": null
 },
 "SurveyElements": [
  {
   "SurveyID": "SV_filedrawer00000",
   "Element": "BL",
   "PrimaryAttribute": "Survey Blocks",
   "SecondaryAttribute": null,
   "TertiaryAttribute": null,
   "Payload": [
    {
     "Type": "Default",
     "Description": "Consent",
     "ID": "BL_b_consent",
     "BlockElements": [
      {
       "Type": "Question",
       "QuestionID": "QID1"
      }
     ]
    },
    {
     "Type": "Standard",
     "Description": "Pre-treatment",
     "ID": "BL_b_pre",
     "BlockElements": [
      {
       "Type": "Question",
       "QuestionID": "QID2"
      }
     ]
    },
    {
     "Type": "Standard",
     "Description": "Breathing",
     "ID": "BL_b_breath",
     "BlockElements": [
      {
       "Type": "Question",
       "QuestionID": "QID3"
      }
     ]
    },
    {
     "Type": "Standard",
     "Description": "Guide",
     "ID": "BL_b_guide",
     "BlockElements": [
      {
       "Type": "Question",
       "QuestionID": "QID4"
      }
     ]
    },
    {
     "Type": "Standard",
     "Description": "Feed task",
     "ID": "BL_b_task",
     "BlockElements": [
      {
       "Type": "Question",
       "QuestionID": "QID5"
      },
      {
       "Type": "Page Break"
      },
      {
       "Type": "Question",
       "QuestionID": "QID6"
      },
      {
       "Type": "Page Break"
      },
      {
       "Type": "Question",
       "QuestionID": "QID7"
      },
      {
       "Type": "Page Break"
      },
      {
       "Type": "Question",
       "QuestionID": "QID8"
      },
      {
       "Type": "Page Break"
      },
      {
       "Type": "Question",
       "QuestionID": "QID9"
      }
     ]
    },
    {
     "Type": "Standard",
     "Description": "Post-task",
     "ID": "BL_b_post",
     "BlockElements": [
      {
       "Type": "Question",
       "QuestionID": "QID10"
      }
     ]
    },
    {
     "Type": "Standard",
     "Description": "Debrief",
     "ID": "BL_b_debrief",
     "BlockElements": [
      {
       "Type": "Question",
       "QuestionID": "QID11"
      }
     ]
    },
    {
     "Type": "Trash",
     "Description": "Trash / Unused Questions",
     "ID": "BL_trash"
    }
   ]
  },
  {
   "SurveyID": "SV_filedrawer00000",
   "Element": "FL",
   "PrimaryAttribute": "Survey Flow",
   "SecondaryAttribute": null,
   "TertiaryAttribute": null,
   "Payload": {
    "Type": "Root",
    "FlowID": "FL_1",
    "Flow": [
     {
      "Type": "Block",
      "ID": "BL_b_consent",
      "FlowID": "FL_2",
      "Autofill": []
     },
     {
      "Type": "Branch",
      "FlowID": "FL_3",
      "Description": "No consent",
      "BranchLogic": {
       "0": {
        "0": {
         "LogicType": "Question",
         "QuestionID": "QID1",
         "QuestionIsInLoop": "no",
         "ChoiceLocator": "q://QID1/SelectableChoice/2",
         "Operator": "Selected",
         "QuestionIDFromLocator": "QID1",
         "LeftOperand": "q://QID1/SelectableChoice/2",
         "Type": "Expression",
         "Description": "If QID1 choice 2 is selected"
        },
        "Type": "If"
       },
       "Type": "BooleanExpression"
      },
      "Flow": [
       {
        "Type": "EndSurvey",
        "FlowID": "FL_4"
       }
      ]
     },
     {
      "Type": "Standard",
      "ID": "BL_b_pre",
      "FlowID": "FL_5",
      "Autofill": []
     },
     {
      "Type": "BlockRandomizer",
      "FlowID": "FL_6",
      "SubSet": 1,
      "EvenPresentation": true,
      "Flow": [
       {
        "Type": "Group",
        "FlowID": "FL_7",
        "Description": "Control 20",
        "Flow": [
         {
          "Type": "EmbeddedData",
          "FlowID": "FL_8",
          "EmbeddedData": [
           {
            "Description": "condition",
            "Type": "Custom",
            "Field": "condition",
            "VariableType": "String",
            "DataVisibility": [],
            "AnalyzeText": false,
            "Value": "ctrl_low"
           }
          ]
         },
         {
          "Type": "EmbeddedData",
          "FlowID": "FL_9",
          "EmbeddedData": [
           {
            "Description": "item1",
            "Type": "Custom",
            "Field": "item1",
            "VariableType": "String",
            "DataVisibility": [],
            "AnalyzeText": false,
            "Value": "[IMAGE TO SUPPLY: feed item 1 from the 20% AI-share pool]"
           }
          ]
         },
         {
          "Type": "EmbeddedData",
          "FlowID": "FL_10",
          "EmbeddedData": [
           {
            "Description": "item2",
            "Type": "Custom",
            "Field": "item2",
            "VariableType": "String",
            "DataVisibility": [],
            "AnalyzeText": false,
            "Value": "[IMAGE TO SUPPLY: feed item 2 from the 20% AI-share pool]"
           }
          ]
         },
         {
          "Type": "Standard",
          "ID": "BL_b_task",
          "FlowID": "FL_11",
          "Autofill": []
         }
        ]
       },
       {
        "Type": "Group",
        "FlowID": "FL_12",
        "Description": "Control 80",
        "Flow": [
         {
          "Type": "EmbeddedData",
          "FlowID": "FL_13",
          "EmbeddedData": [
           {
            "Description": "condition",
            "Type": "Custom",
            "Field": "condition",
            "VariableType": "String",
            "DataVisibility": [],
            "AnalyzeText": false,
            "Value": "ctrl_high"
           }
          ]
         },
         {
          "Type": "EmbeddedData",
          "FlowID": "FL_14",
          "EmbeddedData": [
           {
            "Description": "item1",
            "Type": "Custom",
            "Field": "item1",
            "VariableType": "String",
            "DataVisibility": [],
            "AnalyzeText": false,
            "Value": "[IMAGE TO SUPPLY: feed item 1 from the 80% AI-share pool]"
           }
          ]
         },
         {
          "Type": "EmbeddedData",
          "FlowID": "FL_15",
          "EmbeddedData": [
           {
            "Description": "item2",
            "Type": "Custom",
            "Field": "item2",
            "VariableType": "String",
            "DataVisibility": [],
            "AnalyzeText": false,
            "Value": "[IMAGE TO SUPPLY: feed item 2 from the 80% AI-share pool]"
           }
          ]
         },
         {
          "Type": "Standard",
          "ID": "BL_b_task",
          "FlowID": "FL_16",
          "Autofill": []
         }
        ]
       },
       {
        "Type": "Group",
        "FlowID": "FL_17",
        "Description": "Breath 20",
        "Flow": [
         {
          "Type": "EmbeddedData",
          "FlowID": "FL_18",
          "EmbeddedData": [
           {
            "Description": "condition",
            "Type": "Custom",
            "Field": "condition",
            "VariableType": "String",
            "DataVisibility": [],
            "AnalyzeText": false,
            "Value": "breath_low"
           }
          ]
         },
         {
          "Type": "Standard",
          "ID": "BL_b_breath",
          "FlowID": "FL_19",
          "Autofill": []
         },
         {
          "Type": "EmbeddedData",
          "FlowID": "FL_20",
          "EmbeddedData": [
           {
            "Description": "item1",
            "Type": "Custom",
            "Field": "item1",
            "VariableType": "String",
            "DataVisibility": [],
            "AnalyzeText": false,
            "Value": "[IMAGE TO SUPPLY: feed item 1 from the 20% AI-share pool]"
           }
          ]
         },
         {
          "Type": "EmbeddedData",
          "FlowID": "FL_21",
          "EmbeddedData": [
           {
            "Description": "item2",
            "Type": "Custom",
            "Field": "item2",
            "VariableType": "String",
            "DataVisibility": [],
            "AnalyzeText": false,
            "Value": "[IMAGE TO SUPPLY: feed item 2 from the 20% AI-share pool]"
           }
          ]
         },
         {
          "Type": "Standard",
          "ID": "BL_b_task",
          "FlowID": "FL_22",
          "Autofill": []
         }
        ]
       },
       {
        "Type": "Group",
        "FlowID": "FL_23",
        "Description": "Breath 80",
        "Flow": [
         {
          "Type": "EmbeddedData",
          "FlowID": "FL_24",
          "EmbeddedData": [
           {
            "Description": "condition",
            "Type": "Custom",
            "Field": "condition",
            "VariableType": "String",
            "DataVisibility": [],
            "AnalyzeText": false,
            "Value": "breath_high"
           }
          ]
         },
         {
          "Type": "Standard",
          "ID": "BL_b_breath",
          "FlowID": "FL_25",
          "Autofill": []
         },
         {
          "Type": "EmbeddedData",
          "FlowID": "FL_26",
          "EmbeddedData": [
           {
            "Description": "item1",
            "Type": "Custom",
            "Field": "item1",
            "VariableType": "String",
            "DataVisibility": [],
            "AnalyzeText": false,
            "Value": "[IMAGE TO SUPPLY: feed item 1 from the 80% AI-share pool]"
           }
          ]
         },
         {
          "Type": "EmbeddedData",
          "FlowID": "FL_27",
          "EmbeddedData": [
           {
            "Description": "item2",
            "Type": "Custom",
            "Field": "item2",
            "VariableType": "String",
            "DataVisibility": [],
            "AnalyzeText": false,
            "Value": "[IMAGE TO SUPPLY: feed item 2 from the 80% AI-share pool]"
           }
          ]
         },
         {
          "Type": "Standard",
          "ID": "BL_b_task",
          "FlowID": "FL_28",
          "Autofill": []
         }
        ]
       },
       {
        "Type": "Group",
        "FlowID": "FL_29",
        "Description": "Guide 20",
        "Flow": [
         {
          "Type": "EmbeddedData",
          "FlowID": "FL_30",
          "EmbeddedData": [
           {
            "Description": "condition",
            "Type": "Custom",
            "Field": "condition",
            "VariableType": "String",
            "DataVisibility": [],
            "AnalyzeText": false,
            "Value": "guide_low"
           }
          ]
         },
         {
          "Type": "EmbeddedData",
          "FlowID": "FL_31",
          "EmbeddedData": [
           {
            "Description": "guide_img",
            "Type": "Custom",
            "Field": "guide_img",
            "VariableType": "String",
            "DataVisibility": [],
            "AnalyzeText": false,
            "Value": "[IMAGE TO SUPPLY: annotated examples of AI artifacts in images and video frames]"
           }
          ]
         },
         {
          "Type": "Standard",
          "ID": "BL_b_guide",
          "FlowID": "FL_32",
          "Autofill": []
         },
         {
          "Type": "EmbeddedData",
          "FlowID": "FL_33",
          "EmbeddedData": [
           {
            "Description": "item1",
            "Type": "Custom",
            "Field": "item1",
            "VariableType": "String",
            "DataVisibility": [],
            "AnalyzeText": false,
            "Value": "[IMAGE TO SUPPLY: feed item 1 from the 20% AI-share pool]"
           }
          ]
         },
         {
          "Type": "EmbeddedData",
          "FlowID": "FL_34",
          "EmbeddedData": [
           {
            "Description": "item2",
            "Type": "Custom",
            "Field": "item2",
            "VariableType": "String",
            "DataVisibility": [],
            "AnalyzeText": false,
            "Value": "[IMAGE TO SUPPLY: feed item 2 from the 20% AI-share pool]"
           }
          ]
         },
         {
          "Type": "Standard",
          "ID": "BL_b_task",
          "FlowID": "FL_35",
          "Autofill": []
         }
        ]
       },
       {
        "Type": "Group",
        "FlowID": "FL_36",
        "Description": "Guide 80",
        "Flow": [
         {
          "Type": "EmbeddedData",
          "FlowID": "FL_37",
          "EmbeddedData": [
           {
            "Description": "condition",
            "Type": "Custom",
            "Field": "condition",
            "VariableType": "String",
            "DataVisibility": [],
            "AnalyzeText": false,
            "Value": "guide_high"
           }
          ]
         },
         {
          "Type": "EmbeddedData",
          "FlowID": "FL_38",
          "EmbeddedData": [
           {
            "Description": "guide_img",
            "Type": "Custom",
            "Field": "guide_img",
            "VariableType": "String",
            "DataVisibility": [],
            "AnalyzeText": false,
            "Value": "[IMAGE TO SUPPLY: annotated examples of AI artifacts in images and video frames]"
           }
          ]
         },
         {
          "Type": "Standard",
          "ID": "BL_b_guide",
          "FlowID": "FL_39",
          "Autofill": []
         },
         {
          "Type": "EmbeddedData",
          "FlowID": "FL_40",
          "EmbeddedData": [
           {
            "Description": "item1",
            "Type": "Custom",
            "Field": "item1",
            "VariableType": "String",
            "DataVisibility": [],
            "AnalyzeText": false,
            "Value": "[IMAGE TO SUPPLY: feed item 1 from the 80% AI-share pool]"
           }
          ]
         },
         {
          "Type": "EmbeddedData",
          "FlowID": "FL_41",
          "EmbeddedData": [
           {
            "Description": "item2",
            "Type": "Custom",
            "Field": "item2",
            "VariableType": "String",
            "DataVisibility": [],
            "AnalyzeText": false,
            "Value": "[IMAGE TO SUPPLY: feed item 2 from the 80% AI-share pool]"
           }
          ]
         },
         {
          "Type": "Standard",
          "ID": "BL_b_task",
          "FlowID": "FL_42",
          "Autofill": []
         }
        ]
       }
      ]
     },
     {
      "Type": "Standard",
      "ID": "BL_b_post",
      "FlowID": "FL_43",
      "Autofill": []
     },
     {
      "Type": "Standard",
      "ID": "BL_b_debrief",
      "FlowID": "FL_44",
      "Autofill": []
     }
    ],
    "Properties": {
     "Count": 44,
     "RemovedFieldsets": []
    }
   }
  },
  {
   "SurveyID": "SV_filedrawer00000",
   "Element": "PL",
   "PrimaryAttribute": "Preview Link",
   "SecondaryAttribute": null,
   "TertiaryAttribute": null,
   "Payload": {
    "PreviewType": "Brand",
    "PreviewID": "2ddc5d49-45cf-4eac-99be-cc7d025d86e1"
   }
  },
  {
   "SurveyID": "SV_filedrawer00000",
   "Element": "PROJ",
   "PrimaryAttribute": "CORE",
   "SecondaryAttribute": null,
   "TertiaryAttribute": "1.1.0",
   "Payload": {
    "ProjectCategory": "CORE",
    "SchemaVersion": "1.1.0"
   }
  },
  {
   "SurveyID": "SV_filedrawer00000",
   "Element": "QC",
   "PrimaryAttribute": "Survey Question Count",
   "SecondaryAttribute": "11",
   "TertiaryAttribute": null,
   "Payload": null
  },
  {
   "SurveyID": "SV_filedrawer00000",
   "Element": "RS",
   "PrimaryAttribute": "RS_filedrawer00000",
   "SecondaryAttribute": "Default Response Set",
   "TertiaryAttribute": null,
   "Payload": null
  },
  {
   "SurveyID": "SV_filedrawer00000",
   "Element": "SCO",
   "PrimaryAttribute": "Scoring",
   "SecondaryAttribute": null,
   "TertiaryAttribute": null,
   "Payload": {
    "ScoringCategories": [],
    "ScoringCategoryGroups": [],
    "ScoringSummaryCategory": null,
    "ScoringSummaryAfterQuestions": 0,
    "ScoringSummaryAfterSurvey": 0,
    "DefaultScoringCategory": null,
    "AutoScoringCategory": null
   }
  },
  {
   "SurveyID": "SV_filedrawer00000",
   "Element": "SO",
   "PrimaryAttribute": "Survey Options",
   "SecondaryAttribute": null,
   "TertiaryAttribute": null,
   "Payload": {
    "BackButton": "false",
    "SaveAndContinue": "true",
    "SurveyProtection": "PublicSurvey",
    "BallotBoxStuffingPrevention": "false",
    "NoIndex": "Yes",
    "SecureResponseFiles": "true",
    "SurveyExpiration": "None",
    "SurveyTermination": "DefaultMessage",
    "Header": "",
    "Footer": "",
    "ProgressBarDisplay": "None",
    "PartialData": "+1 week",
    "ValidationMessage": null,
    "PreviousButton": "",
    "NextButton": "",
    "SurveyTitle": "Discernment vs response bias: manipulating base rates (extension of: Improving AI Discernment: do mi",
    "SkinLibrary": "Qualtrics",
    "SkinType": "templated",
    "Skin": {
     "brandingId": null,
     "templateId": "*base",
     "overrides": null
    },
    "NewScoring": 1,
    "SurveyMetaDescription": "Respondents are randomised to a feed with 20% or 80% AI items and, independently, to control, Bre..."
   }
  },
  {
   "SurveyID": "SV_filedrawer00000",
   "Element": "STAT",
   "PrimaryAttribute": "Survey Statistics",
   "SecondaryAttribute": null,
   "TertiaryAttribute": null,
   "Payload": {
    "MobileCompatible": true,
    "ID": "Survey Statistics"
   }
  },
  {
   "SurveyID": "SV_filedrawer00000",
   "Element": "SQ",
   "PrimaryAttribute": "QID1",
   "SecondaryAttribute": "This is a research study about judging online media. Participation is voluntary ",
   "TertiaryAttribute": null,
   "Payload": {
    "QuestionText": "This is a research study about judging online media. Participation is voluntary and anonymous, and you may stop at any time. Do you agree to participate?",
    "DataExportTag": "consent",
    "DataVisibility": {
     "Private": false,
     "Hidden": false
    },
    "Configuration": {
     "QuestionDescriptionOption": "UseText"
    },
    "QuestionDescription": "This is a research study about judging online media. Participation is voluntary and anonymous, an...",
    "Validation": {
     "Settings": {
      "ForceResponse": "ON",
      "ForceResponseType": "ON",
      "Type": "None"
     }
    },
    "Language": [],
    "QuestionID": "QID1",
    "QuestionType": "MC",
    "Selector": "SAVR",
    "SubSelector": "TX",
    "Choices": {
     "1": {
      "Display": "I agree"
     },
     "2": {
      "Display": "I do not agree"
     }
    },
    "ChoiceOrder": [
     "1",
     "2"
    ],
    "NextChoiceId": 3,
    "NextAnswerId": 1,
    "RecodeValues": {
     "1": "1",
     "2": "0"
    }
   }
  },
  {
   "SurveyID": "SV_filedrawer00000",
   "Element": "SQ",
   "PrimaryAttribute": "QID2",
   "SecondaryAttribute": "Have you ever interacted with any of the following tools?",
   "TertiaryAttribute": null,
   "Payload": {
    "QuestionText": "Have you ever interacted with any of the following tools?",
    "DataExportTag": "pre_tools",
    "DataVisibility": {
     "Private": false,
     "Hidden": false
    },
    "Configuration": {
     "QuestionDescriptionOption": "UseText"
    },
    "QuestionDescription": "Have you ever interacted with any of the following tools?",
    "Validation": {
     "Settings": {
      "ForceResponse": "ON",
      "ForceResponseType": "ON",
      "Type": "None"
     }
    },
    "Language": [],
    "QuestionID": "QID2",
    "QuestionType": "MC",
    "Selector": "MAVR",
    "SubSelector": "TX",
    "Choices": {
     "1": {
      "Display": "ChatGPT"
     },
     "2": {
      "Display": "Dall-E"
     },
     "3": {
      "Display": "Midjourney"
     },
     "4": {
      "Display": "None of these"
     }
    },
    "ChoiceOrder": [
     "1",
     "2",
     "3",
     "4"
    ],
    "NextChoiceId": 5,
    "NextAnswerId": 1,
    "RecodeValues": {
     "1": "1",
     "2": "2",
     "3": "3",
     "4": "0"
    }
   }
  },
  {
   "SurveyID": "SV_filedrawer00000",
   "Element": "SQ",
   "PrimaryAttribute": "QID3",
   "SecondaryAttribute": "Please do this box-breathing exercise for one minute: breathe in for 4 seconds, ",
   "TertiaryAttribute": null,
   "Payload": {
    "QuestionText": "Please do this box-breathing exercise for one minute: breathe in for 4 seconds, hold for 4, breathe out for 4, hold for 4. Repeat calmly.",
    "DataVisibility": {
     "Private": false,
     "Hidden": false
    },
    "Configuration": {
     "QuestionDescriptionOption": "UseText"
    },
    "QuestionDescription": "Please do this box-breathing exercise for one minute: breathe in for 4 seconds, hold for 4, breat...",
    "Validation": {
     "Settings": {
      "Type": "None"
     }
    },
    "Language": [],
    "QuestionID": "QID3",
    "QuestionType": "DB",
    "Selector": "TB",
    "DefaultChoices": false,
    "ChoiceOrder": [],
    "GradingData": [],
    "NextChoiceId": 1,
    "NextAnswerId": 1,
    "DataExportTag": "q_breath"
   }
  },
  {
   "SurveyID": "SV_filedrawer00000",
   "Element": "SQ",
   "PrimaryAttribute": "QID4",
   "SecondaryAttribute": "Guide: How to spot AI-generated media. Look for odd hands and teeth, warped text",
   "TertiaryAttribute": null,
   "Payload": {
    "QuestionText": "Guide: How to spot AI-generated media. Look for odd hands and teeth, warped text, inconsistent lighting and shadows, overly smooth skin, and unnatural motion or audio sync in videos. Examples of each artifact are shown. ${e://Field/guide_img}",
    "DataVisibility": {
     "Private": false,
     "Hidden": false
    },
    "Configuration": {
     "QuestionDescriptionOption": "UseText"
    },
    "QuestionDescription": "Guide: How to spot AI-generated media. Look for odd hands and teeth, warped text, inconsistent li...",
    "Validation": {
     "Settings": {
      "Type": "None"
     }
    },
    "Language": [],
    "QuestionID": "QID4",
    "QuestionType": "DB",
    "Selector": "TB",
    "DefaultChoices": false,
    "ChoiceOrder": [],
    "GradingData": [],
    "NextChoiceId": 1,
    "NextAnswerId": 1,
    "DataExportTag": "q_guide"
   }
  },
  {
   "SurveyID": "SV_filedrawer00000",
   "Element": "SQ",
   "PrimaryAttribute": "QID5",
   "SecondaryAttribute": "You will see 20 posts. For each, mark whether it is AI-generated or authentic. G",
   "TertiaryAttribute": null,
   "Payload": {
    "QuestionText": "You will see 20 posts. For each, mark whether it is AI-generated or authentic. Go with your gut if unsure.",
    "DataVisibility": {
     "Private": false,
     "Hidden": false
    },
    "Configuration": {
     "QuestionDescriptionOption": "UseText"
    },
    "QuestionDescription": "You will see 20 posts. For each, mark whether it is AI-generated or authentic. Go with your gut i...",
    "Validation": {
     "Settings": {
      "Type": "None"
     }
    },
    "Language": [],
    "QuestionID": "QID5",
    "QuestionType": "DB",
    "Selector": "TB",
    "DefaultChoices": false,
    "ChoiceOrder": [],
    "GradingData": [],
    "NextChoiceId": 1,
    "NextAnswerId": 1,
    "DataExportTag": "q_task_intro"
   }
  },
  {
   "SurveyID": "SV_filedrawer00000",
   "Element": "SQ",
   "PrimaryAttribute": "QID6",
   "SecondaryAttribute": "{{ed:item1}}",
   "TertiaryAttribute": null,
   "Payload": {
    "QuestionText": "${e://Field/item1}",
    "DataVisibility": {
     "Private": false,
     "Hidden": false
    },
    "Configuration": {
     "QuestionDescriptionOption": "UseText"
    },
    "QuestionDescription": "${e://Field/item1}",
    "Validation": {
     "Settings": {
      "Type": "None"
     }
    },
    "Language": [],
    "QuestionID": "QID6",
    "QuestionType": "DB",
    "Selector": "TB",
    "DefaultChoices": false,
    "ChoiceOrder": [],
    "GradingData": [],
    "NextChoiceId": 1,
    "NextAnswerId": 1,
    "DataExportTag": "q_item1"
   }
  },
  {
   "SurveyID": "SV_filedrawer00000",
   "Element": "SQ",
   "PrimaryAttribute": "QID7",
   "SecondaryAttribute": "Is this post AI-generated or authentic?",
   "TertiaryAttribute": null,
   "Payload": {
    "QuestionText": "Is this post AI-generated or authentic?",
    "DataExportTag": "item1_resp",
    "DataVisibility": {
     "Private": false,
     "Hidden": false
    },
    "Configuration": {
     "QuestionDescriptionOption": "UseText"
    },
    "QuestionDescription": "Is this post AI-generated or authentic?",
    "Validation": {
     "Settings": {
      "ForceResponse": "ON",
      "ForceResponseType": "ON",
      "Type": "None"
     }
    },
    "Language": [],
    "QuestionID": "QID7",
    "QuestionType": "MC",
    "Selector": "SAVR",
    "SubSelector": "TX",
    "Choices": {
     "1": {
      "Display": "AI-generated"
     },
     "2": {
      "Display": "Authentic"
     }
    },
    "ChoiceOrder": [
     "1",
     "2"
    ],
    "NextChoiceId": 3,
    "NextAnswerId": 1,
    "RecodeValues": {
     "1": "1",
     "2": "0"
    }
   }
  },
  {
   "SurveyID": "SV_filedrawer00000",
   "Element": "SQ",
   "PrimaryAttribute": "QID8",
   "SecondaryAttribute": "{{ed:item2}}",
   "TertiaryAttribute": null,
   "Payload": {
    "QuestionText": "${e://Field/item2}",
    "DataVisibility": {
     "Private": false,
     "Hidden": false
    },
    "Configuration": {
     "QuestionDescriptionOption": "UseText"
    },
    "QuestionDescription": "${e://Field/item2}",
    "Validation": {
     "Settings": {
      "Type": "None"
     }
    },
    "Language": [],
    "QuestionID": "QID8",
    "QuestionType": "DB",
    "Selector": "TB",
    "DefaultChoices": false,
    "ChoiceOrder": [],
    "GradingData": [],
    "NextChoiceId": 1,
    "NextAnswerId": 1,
    "DataExportTag": "q_item2"
   }
  },
  {
   "SurveyID": "SV_filedrawer00000",
   "Element": "SQ",
   "PrimaryAttribute": "QID9",
   "SecondaryAttribute": "Is this post AI-generated or authentic?",
   "TertiaryAttribute": null,
   "Payload": {
    "QuestionText": "Is this post AI-generated or authentic?",
    "DataExportTag": "item2_resp",
    "DataVisibility": {
     "Private": false,
     "Hidden": false
    },
    "Configuration": {
     "QuestionDescriptionOption": "UseText"
    },
    "QuestionDescription": "Is this post AI-generated or authentic?",
    "Validation": {
     "Settings": {
      "ForceResponse": "ON",
      "ForceResponseType": "ON",
      "Type": "None"
     }
    },
    "Language": [],
    "QuestionID": "QID9",
    "QuestionType": "MC",
    "Selector": "SAVR",
    "SubSelector": "TX",
    "Choices": {
     "1": {
      "Display": "AI-generated"
     },
     "2": {
      "Display": "Authentic"
     }
    },
    "ChoiceOrder": [
     "1",
     "2"
    ],
    "NextChoiceId": 3,
    "NextAnswerId": 1,
    "RecodeValues": {
     "1": "1",
     "2": "0"
    }
   }
  },
  {
   "SurveyID": "SV_filedrawer00000",
   "Element": "SQ",
   "PrimaryAttribute": "QID10",
   "SecondaryAttribute": "Please indicate your agreement.",
   "TertiaryAttribute": null,
   "Payload": {
    "QuestionText": "Please indicate your agreement.",
    "DataExportTag": "post_conf",
    "DataVisibility": {
     "Private": false,
     "Hidden": false
    },
    "Configuration": {
     "QuestionDescriptionOption": "UseText",
     "TextPosition": "inline",
     "ChoiceColumnWidth": 25,
     "RepeatHeaders": "none",
     "WhiteSpace": "OFF",
     "MobileFirst": true
    },
    "QuestionDescription": "Please indicate your agreement.",
    "Validation": {
     "Settings": {
      "ForceResponse": "ON",
      "ForceResponseType": "ON",
      "Type": "None"
     }
    },
    "Language": [],
    "QuestionID": "QID10",
    "QuestionType": "Matrix",
    "Selector": "Likert",
    "SubSelector": "SingleAnswer",
    "DefaultChoices": false,
    "GradingData": [],
    "ChoiceDataExportTags": false,
    "Choices": {
     "1": {
      "Display": "I feel confident in my ability to detect artificial intelligence."
     },
     "2": {
      "Display": "I guessed AI more often than I guessed authentic."
     }
    },
    "ChoiceOrder": [
     "1",
     "2"
    ],
    "Answers": {
     "1": {
      "Display": "Strongly disagree"
     },
     "2": {
      "Display": "Somewhat disagree"
     },
     "3": {
      "Display": "Neither"
     },
     "4": {
      "Display": "Somewhat agree"
     },
     "5": {
      "Display": "Strongly agree"
     }
    },
    "AnswerOrder": [
     "1",
     "2",
     "3",
     "4",
     "5"
    ],
    "NextChoiceId": 3,
    "NextAnswerId": 6
   }
  },
  {
   "SurveyID": "SV_filedrawer00000",
   "Element": "SQ",
   "PrimaryAttribute": "QID11",
   "SecondaryAttribute": "Thank you. Some posts were AI-generated and some authentic, and the share of eac",
   "TertiaryAttribute": null,
   "Payload": {
    "QuestionText": "Thank you. Some posts were AI-generated and some authentic, and the share of each varied between participants. Your score does not affect your payment. The study examines whether tips and exercises improve real detection or just make people say AI more often.",
    "DataVisibility": {
     "Private": false,
     "Hidden": false
    },
    "Configuration": {
     "QuestionDescriptionOption": "UseText"
    },
    "QuestionDescription": "Thank you. Some posts were AI-generated and some authentic, and the share of each varied between...",
    "Validation": {
     "Settings": {
      "Type": "None"
     }
    },
    "Language": [],
    "QuestionID": "QID11",
    "QuestionType": "DB",
    "Selector": "TB",
    "DefaultChoices": false,
    "ChoiceOrder": [],
    "GradingData": [],
    "NextChoiceId": 1,
    "NextAnswerId": 1,
    "DataExportTag": "q_debrief"
   }
  }
 ]
}